// !$*UTF8*$!
{
	archiveVersion = 1;
	classes = {
	};
	objectVersion = 48;
	objects = {

/* Begin PBXBuildFile section */
		0214246CCB1FF7182F7222B9CCDF8FCB /* Foundation.framework in Frameworks */ = {isa = PBXBuildFile; fileRef = 2259DFD6D909A7F48E9D877F84410360 /* Foundation.framework */; };
		1341A7AC2439CB63D459D32EF985A414 /* UIImage+AFNetworking.h in Headers */ = {isa = PBXBuildFile; fileRef = 80A4AACDEEF9AED1E7EB0D5E4CB9DE6D /* UIImage+AFNetworking.h */; settings = {ATTRIBUTES = (Public, ); }; };
		1C76817FA5353D989D7BC33E8C5997B5 /* CoreGraphics.framework in Frameworks */ = {isa = PBXBuildFile; fileRef = 5EF5C46DD71F200573846D57B69BFCEE /* CoreGraphics.framework */; };
		21650C4DA0B7E9C335EEB557D1672702 /* LSFloatingActionMenuItem.m in Sources */ = {isa = PBXBuildFile; fileRef = 12E6995AF6D91A25228ADF132D99B0AA /* LSFloatingActionMenuItem.m */; };
		2579663181BFA8F7DA4B5D7CF8537FC0 /* UIActivityIndicatorView+AFNetworking.m in Sources */ = {isa = PBXBuildFile; fileRef = 278E4D9F46DE782C81D777046D530E06 /* UIActivityIndicatorView+AFNetworking.m */; };
		2EBAA518CB8B2DAF89A63637091D4615 /* UIButton+AFNetworking.h in Headers */ = {isa = PBXBuildFile; fileRef = C53E94258FD054DBA0BEF602165A376B /* UIButton+AFNetworking.h */; settings = {ATTRIBUTES = (Public, ); }; };
		31ED9BD97AF9E62874AF3CDF2F8090CF /* AFNetworkActivityIndicatorManager.m in Sources */ = {isa = PBXBuildFile; fileRef = EB580FD9F8FAA2D636EF2C013B1C3EA1 /* AFNetworkActivityIndicatorManager.m */; };
		34FFC61D23CAEB4C4FC39FAA2618CB52 /* Pods-Heylaapp-dummy.m in Sources */ = {isa = PBXBuildFile; fileRef = C621955EA23A2994A60A4BC59B737AFF /* Pods-Heylaapp-dummy.m */; };
		3AE4379CB58EF0890CE4F30CA4C029D9 /* LSFloatingActionMenu.h in Headers */ = {isa = PBXBuildFile; fileRef = F625078A90E879A845B8E01D2E223CBD /* LSFloatingActionMenu.h */; settings = {ATTRIBUTES = (Public, ); }; };
		46401F3C7FF0B0CFE2E9B14914780835 /* AFNetworking.h in Headers */ = {isa = PBXBuildFile; fileRef = B94E2DA41128F7FFACB77B1229A52B91 /* AFNetworking.h */; settings = {ATTRIBUTES = (Public, ); }; };
		536F7D0550F5FD9F5869CEC995CFEE9B /* MBProgressHUD.m in Sources */ = {isa = PBXBuildFile; fileRef = D0B68CD9E7FD06958B1B14D20C2769A2 /* MBProgressHUD.m */; };
		5719F06B809080CDEF7E6BC75DEA1A3C /* UIKit+AFNetworking.h in Headers */ = {isa = PBXBuildFile; fileRef = 5022F9C01DBC315F1494671956AB2690 /* UIKit+AFNetworking.h */; settings = {ATTRIBUTES = (Public, ); }; };
		5945033488F9995134DBB7014DE2412F /* AFURLRequestSerialization.m in Sources */ = {isa = PBXBuildFile; fileRef = DA5FE535CF482BE2D75D4B35E453968F /* AFURLRequestSerialization.m */; };
		5C0696B2AD1DC23F6473F5A19FAB6296 /* AFImageDownloader.m in Sources */ = {isa = PBXBuildFile; fileRef = CA053020E3027768BB22B6EF77E6B316 /* AFImageDownloader.m */; };
		6140FA9151F304FDD10E084CB7A10442 /* HMSegmentedControl.m in Sources */ = {isa = PBXBuildFile; fileRef = 45F09A4F4DB02EEA403C4B86A46992E3 /* HMSegmentedControl.m */; };
		66635EAAE52FF5571DBCDC626FB8CA86 /* AFURLResponseSerialization.h in Headers */ = {isa = PBXBuildFile; fileRef = EA359A2A039B8C07EF86B3ACB219CD32 /* AFURLResponseSerialization.h */; settings = {ATTRIBUTES = (Public, ); }; };
		66E1040543AF7BA3DC3731FE17C85F5B /* AFSecurityPolicy.m in Sources */ = {isa = PBXBuildFile; fileRef = 1EB81404A693BF717BFD3ACE2FEB423C /* AFSecurityPolicy.m */; };
		682B0E603612B6ADBCCF30580F9A4B09 /* UIActivityIndicatorView+AFNetworking.h in Headers */ = {isa = PBXBuildFile; fileRef = 17D77039C79F69AD866419E05268AFF2 /* UIActivityIndicatorView+AFNetworking.h */; settings = {ATTRIBUTES = (Public, ); }; };
		6B71CE5BA32574F407349C1DA20605B4 /* AFHTTPSessionManager.h in Headers */ = {isa = PBXBuildFile; fileRef = 529D0D7BD4CB69A95431BDDEEB704A5C /* AFHTTPSessionManager.h */; settings = {ATTRIBUTES = (Public, ); }; };
		707E818332E5033501DF2D7826C639DF /* AFImageDownloader.h in Headers */ = {isa = PBXBuildFile; fileRef = 87AD31617FDC2C6416FD78A809B4DC51 /* AFImageDownloader.h */; settings = {ATTRIBUTES = (Public, ); }; };
		7291E906AE8A3C1F92183154FE65DCDD /* QuartzCore.framework in Frameworks */ = {isa = PBXBuildFile; fileRef = 7E8D8BB05187F20C6AAAA64CC85D87E6 /* QuartzCore.framework */; };
		73811DA312BCB537D44D62EC6AD15766 /* AFHTTPSessionManager.m in Sources */ = {isa = PBXBuildFile; fileRef = F94865D10464491330D0B872CCBC88AB /* AFHTTPSessionManager.m */; };
		775CE7A8107457BDE59F113D40020839 /* AFAutoPurgingImageCache.m in Sources */ = {isa = PBXBuildFile; fileRef = 10379E2FF5DB2496F6B1C5AA7A3731A0 /* AFAutoPurgingImageCache.m */; };
		7ADD0A53B159168C7F41A91BB7AB4259 /* LSFloatingActionMenu.m in Sources */ = {isa = PBXBuildFile; fileRef = 50DAE88123A7FF6ED561390393CAA6F9 /* LSFloatingActionMenu.m */; };
		85D30678FF4F0AB306399A368EAA46B2 /* AFURLResponseSerialization.m in Sources */ = {isa = PBXBuildFile; fileRef = 1C5D05B8B1D889F64C74B00D8F4CF813 /* AFURLResponseSerialization.m */; };
		8685003AC00DAE6319449C9F78842763 /* Foundation.framework in Frameworks */ = {isa = PBXBuildFile; fileRef = 2259DFD6D909A7F48E9D877F84410360 /* Foundation.framework */; };
		8958F2453EEBAF71BFEBD78FB48986EC /* UIWebView+AFNetworking.h in Headers */ = {isa = PBXBuildFile; fileRef = CE066E157CFE21BC51BDA77E78F7F06B /* UIWebView+AFNetworking.h */; settings = {ATTRIBUTES = (Public, ); }; };
		903158692A045396106CA22C0DD13BA6 /* SystemConfiguration.framework in Frameworks */ = {isa = PBXBuildFile; fileRef = EDA7195BA9C5EAEEB96C8D29B5A98727 /* SystemConfiguration.framework */; };
		93F12B05D8333C37D9CBEA3D1782CC04 /* Foundation.framework in Frameworks */ = {isa = PBXBuildFile; fileRef = 2259DFD6D909A7F48E9D877F84410360 /* Foundation.framework */; };
		97A86FAAD4B1AD9B3292FF6AF1D8F82B /* AFNetworking-dummy.m in Sources */ = {isa = PBXBuildFile; fileRef = 591D1BB662D0D3A4BAD9CF215B006BBB /* AFNetworking-dummy.m */; };
		9F5BB6B4995BA4A3B2C6AEBA6C31A6DB /* AFURLSessionManager.m in Sources */ = {isa = PBXBuildFile; fileRef = D96BE71CD1CE229F0D74BA5306F3BEFE /* AFURLSessionManager.m */; };
		A277AD9070E44BED5A7DE0B1D64D6F15 /* UIImageView+AFNetworking.m in Sources */ = {isa = PBXBuildFile; fileRef = 374B846B449D6BB43D092396746F0FF5 /* UIImageView+AFNetworking.m */; };
		A7F7FDCD36E2DD8D8E346DB19452CC03 /* UIWebView+AFNetworking.m in Sources */ = {isa = PBXBuildFile; fileRef = F65994B226A23950F7D3D83928B49720 /* UIWebView+AFNetworking.m */; };
		B08841B7CC74DFD71B4C3C2535FEA6EF /* LSFloatingActionMenuItem.h in Headers */ = {isa = PBXBuildFile; fileRef = 44EED113B7DE1933D28B264FC0A31DE3 /* LSFloatingActionMenuItem.h */; settings = {ATTRIBUTES = (Public, ); }; };
		B40756412613B53C80EE77C4C223990F /* UIProgressView+AFNetworking.h in Headers */ = {isa = PBXBuildFile; fileRef = 781BFBE424D20C8FF786870C2FADE466 /* UIProgressView+AFNetworking.h */; settings = {ATTRIBUTES = (Public, ); }; };
		B84CD33084C9867E67BD56E47B7BFC04 /* UIRefreshControl+AFNetworking.m in Sources */ = {isa = PBXBuildFile; fileRef = 718B9D8687EC78A79ACE3C3F2326CE04 /* UIRefreshControl+AFNetworking.m */; };
		BDFD18B3FAB1DE3FD2FC2307E4A4F6A3 /* HMSegmentedControl-dummy.m in Sources */ = {isa = PBXBuildFile; fileRef = DDEBF709862EEA8D96C0726920F5B05A /* HMSegmentedControl-dummy.m */; };
		BFC487AF0EF719A47A77BDEB3A8B8FB6 /* HMSegmentedControl.h in Headers */ = {isa = PBXBuildFile; fileRef = 4D388A5F196DDC4A3DC2AE38F04DDEE0 /* HMSegmentedControl.h */; settings = {ATTRIBUTES = (Public, ); }; };
		C1C0D7C93BF3DE14A26757273598D0FA /* AFURLRequestSerialization.h in Headers */ = {isa = PBXBuildFile; fileRef = 71283B451C2CF4E554469671A2AA51F3 /* AFURLRequestSerialization.h */; settings = {ATTRIBUTES = (Public, ); }; };
		C2E713E117DF830A7E991C115FA4BA10 /* Foundation.framework in Frameworks */ = {isa = PBXBuildFile; fileRef = 2259DFD6D909A7F48E9D877F84410360 /* Foundation.framework */; };
		C6F87571B9FEFC3676A86862667A73E3 /* LSFloatingActionMenu-dummy.m in Sources */ = {isa = PBXBuildFile; fileRef = 957C6734A77334BB25B34BC6AF10A485 /* LSFloatingActionMenu-dummy.m */; };
		CBCCEAD402645565401CA93924736979 /* CoreGraphics.framework in Frameworks */ = {isa = PBXBuildFile; fileRef = 5EF5C46DD71F200573846D57B69BFCEE /* CoreGraphics.framework */; };
		D10CC46035F7A0C868C0955664A34609 /* UIButton+AFNetworking.m in Sources */ = {isa = PBXBuildFile; fileRef = 4C91E8328AFD720E54437CF818B2BF31 /* UIButton+AFNetworking.m */; };
		D4AA4704CA7863CC86E22AAF88635836 /* UIProgressView+AFNetworking.m in Sources */ = {isa = PBXBuildFile; fileRef = 68D33A148B374E51E62F2AE1C99B1E49 /* UIProgressView+AFNetworking.m */; };
		D59FC98A74E440C4725B6FDC28F5951E /* AFSecurityPolicy.h in Headers */ = {isa = PBXBuildFile; fileRef = D832002D30AD6B33DEFF56C931D65885 /* AFSecurityPolicy.h */; settings = {ATTRIBUTES = (Public, ); }; };
		D5CB999FB5FC80FC126A38AB4DF12227 /* UIImageView+AFNetworking.h in Headers */ = {isa = PBXBuildFile; fileRef = 7ACFE8F9F0BBDBBB8EB9DF6BAEE719B8 /* UIImageView+AFNetworking.h */; settings = {ATTRIBUTES = (Public, ); }; };
		DE31BBF6A7963C5871A19655EF5532BE /* AFNetworkReachabilityManager.h in Headers */ = {isa = PBXBuildFile; fileRef = B7F5E50BF42525909F885DE0DE70BF97 /* AFNetworkReachabilityManager.h */; settings = {ATTRIBUTES = (Public, ); }; };
		DE825B8F32AB823F4BE5492CAC6FCB4B /* Security.framework in Frameworks */ = {isa = PBXBuildFile; fileRef = 9D3DA3A986B636345C33EFCC556B079A /* Security.framework */; };
		E0EF330DB2D3521ED26E67B2E8687A2E /* AFNetworkReachabilityManager.m in Sources */ = {isa = PBXBuildFile; fileRef = 84701B10348FDAFF435CBAE33404040C /* AFNetworkReachabilityManager.m */; };
		E5229F5125ACD420659E7B2D19BB30A8 /* MBProgressHUD-dummy.m in Sources */ = {isa = PBXBuildFile; fileRef = 397A7B1EA12A67CAC8E4459256021AA6 /* MBProgressHUD-dummy.m */; };
		E7B0270BEDCBE116DDD853F76E27B0BA /* AFNetworkActivityIndicatorManager.h in Headers */ = {isa = PBXBuildFile; fileRef = 929145C6F7B155F6B8C8E489B4A754AB /* AFNetworkActivityIndicatorManager.h */; settings = {ATTRIBUTES = (Public, ); }; };
		EA321C98029015AA4895C0B26891D8F8 /* MBProgressHUD.h in Headers */ = {isa = PBXBuildFile; fileRef = A50327E8A4252498E589965E3507B090 /* MBProgressHUD.h */; settings = {ATTRIBUTES = (Public, ); }; };
		EDE7CFC3A78C8112170F7DF602EA164C /* QuartzCore.framework in Frameworks */ = {isa = PBXBuildFile; fileRef = 7E8D8BB05187F20C6AAAA64CC85D87E6 /* QuartzCore.framework */; };
		F099E5987DD80E8D78E909AF81D3C587 /* UIRefreshControl+AFNetworking.h in Headers */ = {isa = PBXBuildFile; fileRef = 6F9F7BDAD6508E81CD25E1C49294CC5E /* UIRefreshControl+AFNetworking.h */; settings = {ATTRIBUTES = (Public, ); }; };
		F1F93EE1AA5E870F2CE81325CE9EB643 /* AFAutoPurgingImageCache.h in Headers */ = {isa = PBXBuildFile; fileRef = 7ECD133D24DC7FB3AB790ECC9A20CF60 /* AFAutoPurgingImageCache.h */; settings = {ATTRIBUTES = (Public, ); }; };
		F5CC06F3E0C232483A72DCCFAF393BE0 /* AFURLSessionManager.h in Headers */ = {isa = PBXBuildFile; fileRef = B8984177B2EDE9BFF083E9FC33C0BCB3 /* AFURLSessionManager.h */; settings = {ATTRIBUTES = (Public, ); }; };
		F8DCA6C3C05A59B2C95A1B5F1CBD8C99 /* MobileCoreServices.framework in Frameworks */ = {isa = PBXBuildFile; fileRef = 660F03C669CC7CFD1082F03BFFC37310 /* MobileCoreServices.framework */; };
		FA53F5BDEA140CF9B18E3395CF5362A5 /* Foundation.framework in Frameworks */ = {isa = PBXBuildFile; fileRef = 2259DFD6D909A7F48E9D877F84410360 /* Foundation.framework */; };
		FC6A6B0E9164ABD54AD30F6363B933FE /* UIKit.framework in Frameworks */ = {isa = PBXBuildFile; fileRef = 32D5ED0F9B4A3FFA873D03E7F369A8CA /* UIKit.framework */; };
/* End PBXBuildFile section */

/* Begin PBXContainerItemProxy section */
		1AB426ED075A832E041C162E5F163B95 /* PBXContainerItemProxy */ = {
			isa = PBXContainerItemProxy;
			containerPortal = D41D8CD98F00B204E9800998ECF8427E /* Project object */;
			proxyType = 1;
			remoteGlobalIDString = 586F2DFA9BDCC6675C2546793A69E5CC;
			remoteInfo = MBProgressHUD;
		};
		C9C831BADB3F0D7C4AA7509306C84113 /* PBXContainerItemProxy */ = {
			isa = PBXContainerItemProxy;
			containerPortal = D41D8CD98F00B204E9800998ECF8427E /* Project object */;
			proxyType = 1;
			remoteGlobalIDString = 6E66B362AE57238557E51E1B585B5C93;
			remoteInfo = HMSegmentedControl;
		};
		CD5782B8A00309D98D2EBADDB2BBD0B1 /* PBXContainerItemProxy */ = {
			isa = PBXContainerItemProxy;
			containerPortal = D41D8CD98F00B204E9800998ECF8427E /* Project object */;
			proxyType = 1;
			remoteGlobalIDString = 8F9EF4E9757925C24DAD012F0B5E3D55;
			remoteInfo = LSFloatingActionMenu;
		};
		D80BB84B0A2DC90122680C80EDF9AFC8 /* PBXContainerItemProxy */ = {
			isa = PBXContainerItemProxy;
			containerPortal = D41D8CD98F00B204E9800998ECF8427E /* Project object */;
			proxyType = 1;
			remoteGlobalIDString = 9E033EDB5EC0819481B0546434FA577B;
			remoteInfo = AFNetworking;
		};
/* End PBXContainerItemProxy section */

/* Begin PBXFileReference section */
		03E076EF11F35BC42E3B9AA26FE6C2FD /* conf_api.h */ = {isa = PBXFileReference; includeInIndex = 1; lastKnownFileType = sourcecode.c.h; name = conf_api.h; path = "include-ios/openssl/conf_api.h"; sourceTree = "<group>"; };
		0620D66D3868CDA8C76E5C989EAD5F9D /* pem.h */ = {isa = PBXFileReference; includeInIndex = 1; lastKnownFileType = sourcecode.c.h; name = pem.h; path = "include-ios/openssl/pem.h"; sourceTree = "<group>"; };
		08490893F41DF1921816925ADA4ECC0D /* buffer.h */ = {isa = PBXFileReference; includeInIndex = 1; lastKnownFileType = sourcecode.c.h; name = buffer.h; path = "include-ios/openssl/buffer.h"; sourceTree = "<group>"; };
		0B9279B8BF5E69E959B30FDF42453A70 /* obj_mac.h */ = {isa = PBXFileReference; includeInIndex = 1; lastKnownFileType = sourcecode.c.h; name = obj_mac.h; path = "include-ios/openssl/obj_mac.h"; sourceTree = "<group>"; };
		0C1C151E44EA8701AC215D013A270D3C /* GoogleMaps.framework */ = {isa = PBXFileReference; lastKnownFileType = wrapper.framework; name = GoogleMaps.framework; path = Maps/Frameworks/GoogleMaps.framework; sourceTree = "<group>"; };
		0EB34D9A2BA63E93755BB53A3B6732B0 /* crypto.h */ = {isa = PBXFileReference; includeInIndex = 1; lastKnownFileType = sourcecode.c.h; name = crypto.h; path = "include-ios/openssl/crypto.h"; sourceTree = "<group>"; };
		10379E2FF5DB2496F6B1C5AA7A3731A0 /* AFAutoPurgingImageCache.m */ = {isa = PBXFileReference; includeInIndex = 1; lastKnownFileType = sourcecode.c.objc; name = AFAutoPurgingImageCache.m; path = "UIKit+AFNetworking/AFAutoPurgingImageCache.m"; sourceTree = "<group>"; };
		1106F1B5450C34EE6F7D5F3ABE9F6266 /* x509v3.h */ = {isa = PBXFileReference; includeInIndex = 1; lastKnownFileType = sourcecode.c.h; name = x509v3.h; path = "include-ios/openssl/x509v3.h"; sourceTree = "<group>"; };
		11A12FB610C02AA85C6CFBD6151351CF /* txt_db.h */ = {isa = PBXFileReference; includeInIndex = 1; lastKnownFileType = sourcecode.c.h; name = txt_db.h; path = "include-ios/openssl/txt_db.h"; sourceTree = "<group>"; };
		12E6995AF6D91A25228ADF132D99B0AA /* LSFloatingActionMenuItem.m */ = {isa = PBXFileReference; includeInIndex = 1; lastKnownFileType = sourcecode.c.objc; name = LSFloatingActionMenuItem.m; path = LSFloatingActionMenu/LSFloatingActionMenuItem.m; sourceTree = "<group>"; };
		159A1B679D5DA83BC492372CFF57AEBD /* bio.h */ = {isa = PBXFileReference; includeInIndex = 1; lastKnownFileType = sourcecode.c.h; name = bio.h; path = "include-ios/openssl/bio.h"; sourceTree = "<group>"; };
		1656179A62522B214496A1AE316D50AC /* ssl3.h */ = {isa = PBXFileReference; includeInIndex = 1; lastKnownFileType = sourcecode.c.h; name = ssl3.h; path = "include-ios/openssl/ssl3.h"; sourceTree = "<group>"; };
		1751E51ACA91989A829058801C6F2D1E /* ecdh.h */ = {isa = PBXFileReference; includeInIndex = 1; lastKnownFileType = sourcecode.c.h; name = ecdh.h; path = "include-ios/openssl/ecdh.h"; sourceTree = "<group>"; };
		17D77039C79F69AD866419E05268AFF2 /* UIActivityIndicatorView+AFNetworking.h */ = {isa = PBXFileReference; includeInIndex = 1; lastKnownFileType = sourcecode.c.h; name = "UIActivityIndicatorView+AFNetworking.h"; path = "UIKit+AFNetworking/UIActivityIndicatorView+AFNetworking.h"; sourceTree = "<group>"; };
		18452BDB371DD204737111E0156D42D7 /* blowfish.h */ = {isa = PBXFileReference; includeInIndex = 1; lastKnownFileType = sourcecode.c.h; name = blowfish.h; path = "include-ios/openssl/blowfish.h"; sourceTree = "<group>"; };
		1866F77180E85F2220CCDD0D7D908393 /* ecdsa.h */ = {isa = PBXFileReference; includeInIndex = 1; lastKnownFileType = sourcecode.c.h; name = ecdsa.h; path = "include-ios/openssl/ecdsa.h"; sourceTree = "<group>"; };
		1931A62F2174882F6AD9817C29E1F997 /* conf.h */ = {isa = PBXFileReference; includeInIndex = 1; lastKnownFileType = sourcecode.c.h; name = conf.h; path = "include-ios/openssl/conf.h"; sourceTree = "<group>"; };
		1C5D05B8B1D889F64C74B00D8F4CF813 /* AFURLResponseSerialization.m */ = {isa = PBXFileReference; includeInIndex = 1; lastKnownFileType = sourcecode.c.objc; name = AFURLResponseSerialization.m; path = AFNetworking/AFURLResponseSerialization.m; sourceTree = "<group>"; };
		1EB81404A693BF717BFD3ACE2FEB423C /* AFSecurityPolicy.m */ = {isa = PBXFileReference; includeInIndex = 1; lastKnownFileType = sourcecode.c.objc; name = AFSecurityPolicy.m; path = AFNetworking/AFSecurityPolicy.m; sourceTree = "<group>"; };
		203CEE50FB1DFA8DEDB296808E5D4501 /* pqueue.h */ = {isa = PBXFileReference; includeInIndex = 1; lastKnownFileType = sourcecode.c.h; name = pqueue.h; path = "include-ios/openssl/pqueue.h"; sourceTree = "<group>"; };
		2259DFD6D909A7F48E9D877F84410360 /* Foundation.framework */ = {isa = PBXFileReference; lastKnownFileType = wrapper.framework; name = Foundation.framework; path = Platforms/iPhoneOS.platform/Developer/SDKs/iPhoneOS10.3.sdk/System/Library/Frameworks/Foundation.framework; sourceTree = DEVELOPER_DIR; };
		256456412286D7463C7E99995C86068D /* asn1t.h */ = {isa = PBXFileReference; includeInIndex = 1; lastKnownFileType = sourcecode.c.h; name = asn1t.h; path = "include-ios/openssl/asn1t.h"; sourceTree = "<group>"; };
		270B716C05967ED0C86C4D8A8E25AF0E /* md5.h */ = {isa = PBXFileReference; includeInIndex = 1; lastKnownFileType = sourcecode.c.h; name = md5.h; path = "include-ios/openssl/md5.h"; sourceTree = "<group>"; };
		278E4D9F46DE782C81D777046D530E06 /* UIActivityIndicatorView+AFNetworking.m */ = {isa = PBXFileReference; includeInIndex = 1; lastKnownFileType = sourcecode.c.objc; name = "UIActivityIndicatorView+AFNetworking.m"; path = "UIKit+AFNetworking/UIActivityIndicatorView+AFNetworking.m"; sourceTree = "<group>"; };
		2CFECD55DC4D18E53AA9FA3DCD0972B2 /* seed.h */ = {isa = PBXFileReference; includeInIndex = 1; lastKnownFileType = sourcecode.c.h; name = seed.h; path = "include-ios/openssl/seed.h"; sourceTree = "<group>"; };
		32D5ED0F9B4A3FFA873D03E7F369A8CA /* UIKit.framework */ = {isa = PBXFileReference; lastKnownFileType = wrapper.framework; name = UIKit.framework; path = Platforms/iPhoneOS.platform/Developer/SDKs/iPhoneOS10.3.sdk/System/Library/Frameworks/UIKit.framework; sourceTree = DEVELOPER_DIR; };
		374B846B449D6BB43D092396746F0FF5 /* UIImageView+AFNetworking.m */ = {isa = PBXFileReference; includeInIndex = 1; lastKnownFileType = sourcecode.c.objc; name = "UIImageView+AFNetworking.m"; path = "UIKit+AFNetworking/UIImageView+AFNetworking.m"; sourceTree = "<group>"; };
		38D18B64E3578599ED84831CF0CD4667 /* pkcs12.h */ = {isa = PBXFileReference; includeInIndex = 1; lastKnownFileType = sourcecode.c.h; name = pkcs12.h; path = "include-ios/openssl/pkcs12.h"; sourceTree = "<group>"; };
		397A7B1EA12A67CAC8E4459256021AA6 /* MBProgressHUD-dummy.m */ = {isa = PBXFileReference; includeInIndex = 1; lastKnownFileType = sourcecode.c.objc; path = "MBProgressHUD-dummy.m"; sourceTree = "<group>"; };
		39B7CC37ABAF311863735929F4B79EE1 /* asn1.h */ = {isa = PBXFileReference; includeInIndex = 1; lastKnownFileType = sourcecode.c.h; name = asn1.h; path = "include-ios/openssl/asn1.h"; sourceTree = "<group>"; };
		3CF6B034DDD83E1E2091048A81CDBF90 /* GoogleMapsCore.framework */ = {isa = PBXFileReference; lastKnownFileType = wrapper.framework; name = GoogleMapsCore.framework; path = Maps/Frameworks/GoogleMapsCore.framework; sourceTree = "<group>"; };
		3D159E6095349FF467F8CE65EF260DCF /* err.h */ = {isa = PBXFileReference; includeInIndex = 1; lastKnownFileType = sourcecode.c.h; name = err.h; path = "include-ios/openssl/err.h"; sourceTree = "<group>"; };
		3F5F95F34BDD79ED784CDC6992933616 /* dh.h */ = {isa = PBXFileReference; includeInIndex = 1; lastKnownFileType = sourcecode.c.h; name = dh.h; path = "include-ios/openssl/dh.h"; sourceTree = "<group>"; };
		40279C5A491E54C3AF10CF8C03D8B2A6 /* modes.h */ = {isa = PBXFileReference; includeInIndex = 1; lastKnownFileType = sourcecode.c.h; name = modes.h; path = "include-ios/openssl/modes.h"; sourceTree = "<group>"; };
		428CB69C495ADB89EF5F6A9419B680ED /* e_os2.h */ = {isa = PBXFileReference; includeInIndex = 1; lastKnownFileType = sourcecode.c.h; name = e_os2.h; path = "include-ios/openssl/e_os2.h"; sourceTree = "<group>"; };
		44EED113B7DE1933D28B264FC0A31DE3 /* LSFloatingActionMenuItem.h */ = {isa = PBXFileReference; includeInIndex = 1; lastKnownFileType = sourcecode.c.h; name = LSFloatingActionMenuItem.h; path = LSFloatingActionMenu/LSFloatingActionMenuItem.h; sourceTree = "<group>"; };
		45A75AD22961753ADC7269DCC19CEB21 /* ec.h */ = {isa = PBXFileReference; includeInIndex = 1; lastKnownFileType = sourcecode.c.h; name = ec.h; path = "include-ios/openssl/ec.h"; sourceTree = "<group>"; };
		45F09A4F4DB02EEA403C4B86A46992E3 /* HMSegmentedControl.m */ = {isa = PBXFileReference; includeInIndex = 1; lastKnownFileType = sourcecode.c.objc; name = HMSegmentedControl.m; path = HMSegmentedControl/HMSegmentedControl.m; sourceTree = "<group>"; };
		4675204F349794701BB20D9A2BFB9CB5 /* ssl23.h */ = {isa = PBXFileReference; includeInIndex = 1; lastKnownFileType = sourcecode.c.h; name = ssl23.h; path = "include-ios/openssl/ssl23.h"; sourceTree = "<group>"; };
		469642E27C8B71B6FC65C0670005C6D8 /* rand.h */ = {isa = PBXFileReference; includeInIndex = 1; lastKnownFileType = sourcecode.c.h; name = rand.h; path = "include-ios/openssl/rand.h"; sourceTree = "<group>"; };
		46ABB90DAACC4AF749745CA980555058 /* sha.h */ = {isa = PBXFileReference; includeInIndex = 1; lastKnownFileType = sourcecode.c.h; name = sha.h; path = "include-ios/openssl/sha.h"; sourceTree = "<group>"; };
		483C5B1DEC7D29164987C0ABE4FC7A91 /* safestack.h */ = {isa = PBXFileReference; includeInIndex = 1; lastKnownFileType = sourcecode.c.h; name = safestack.h; path = "include-ios/openssl/safestack.h"; sourceTree = "<group>"; };
		4C91E8328AFD720E54437CF818B2BF31 /* UIButton+AFNetworking.m */ = {isa = PBXFileReference; includeInIndex = 1; lastKnownFileType = sourcecode.c.objc; name = "UIButton+AFNetworking.m"; path = "UIKit+AFNetworking/UIButton+AFNetworking.m"; sourceTree = "<group>"; };
		4D388A5F196DDC4A3DC2AE38F04DDEE0 /* HMSegmentedControl.h */ = {isa = PBXFileReference; includeInIndex = 1; lastKnownFileType = sourcecode.c.h; name = HMSegmentedControl.h; path = HMSegmentedControl/HMSegmentedControl.h; sourceTree = "<group>"; };
		4DEAA5E54349A1B82B6E1EB38B2702DA /* libPods-Heylaapp.a */ = {isa = PBXFileReference; explicitFileType = archive.ar; includeInIndex = 0; name = "libPods-Heylaapp.a"; path = "libPods-Heylaapp.a"; sourceTree = BUILT_PRODUCTS_DIR; };
		5022F9C01DBC315F1494671956AB2690 /* UIKit+AFNetworking.h */ = {isa = PBXFileReference; includeInIndex = 1; lastKnownFileType = sourcecode.c.h; name = "UIKit+AFNetworking.h"; path = "UIKit+AFNetworking/UIKit+AFNetworking.h"; sourceTree = "<group>"; };
		50DAE88123A7FF6ED561390393CAA6F9 /* LSFloatingActionMenu.m */ = {isa = PBXFileReference; includeInIndex = 1; lastKnownFileType = sourcecode.c.objc; name = LSFloatingActionMenu.m; path = LSFloatingActionMenu/LSFloatingActionMenu.m; sourceTree = "<group>"; };
		514244A514727412C6188FA49ECFFDD9 /* ossl_typ.h */ = {isa = PBXFileReference; includeInIndex = 1; lastKnownFileType = sourcecode.c.h; name = ossl_typ.h; path = "include-ios/openssl/ossl_typ.h"; sourceTree = "<group>"; };
		529D0D7BD4CB69A95431BDDEEB704A5C /* AFHTTPSessionManager.h */ = {isa = PBXFileReference; includeInIndex = 1; lastKnownFileType = sourcecode.c.h; name = AFHTTPSessionManager.h; path = AFNetworking/AFHTTPSessionManager.h; sourceTree = "<group>"; };
		54B48FD4D85D8DFCF2E502B2A8FEF1F7 /* mdc2.h */ = {isa = PBXFileReference; includeInIndex = 1; lastKnownFileType = sourcecode.c.h; name = mdc2.h; path = "include-ios/openssl/mdc2.h"; sourceTree = "<group>"; };
		54E6F1F98CE7C511C521029A53B21E42 /* ts.h */ = {isa = PBXFileReference; includeInIndex = 1; lastKnownFileType = sourcecode.c.h; name = ts.h; path = "include-ios/openssl/ts.h"; sourceTree = "<group>"; };
		55A08E377C7044BF1E45C75BB3682FB8 /* GooglePlaces.bundle */ = {isa = PBXFileReference; includeInIndex = 1; lastKnownFileType = "wrapper.plug-in"; name = GooglePlaces.bundle; path = Frameworks/GooglePlaces.framework/Versions/A/Resources/GooglePlaces.bundle; sourceTree = "<group>"; };
		591D1BB662D0D3A4BAD9CF215B006BBB /* AFNetworking-dummy.m */ = {isa = PBXFileReference; includeInIndex = 1; lastKnownFileType = sourcecode.c.objc; path = "AFNetworking-dummy.m"; sourceTree = "<group>"; };
		5A1130C43387B971D7B18D1E2F5A6218 /* stack.h */ = {isa = PBXFileReference; includeInIndex = 1; lastKnownFileType = sourcecode.c.h; name = stack.h; path = "include-ios/openssl/stack.h"; sourceTree = "<group>"; };
		5B66D961E0A9675D064D2EBB3723D75B /* aes.h */ = {isa = PBXFileReference; includeInIndex = 1; lastKnownFileType = sourcecode.c.h; name = aes.h; path = "include-ios/openssl/aes.h"; sourceTree = "<group>"; };
		5CF8AF2BA74DE00C6DEF7C29E6D78C38 /* libAFNetworking.a */ = {isa = PBXFileReference; explicitFileType = archive.ar; includeInIndex = 0; name = libAFNetworking.a; path = libAFNetworking.a; sourceTree = BUILT_PRODUCTS_DIR; };
		5E88AF23A04F8069DA3B6010C5AAF7F7 /* objects.h */ = {isa = PBXFileReference; includeInIndex = 1; lastKnownFileType = sourcecode.c.h; name = objects.h; path = "include-ios/openssl/objects.h"; sourceTree = "<group>"; };
		5EF5C46DD71F200573846D57B69BFCEE /* CoreGraphics.framework */ = {isa = PBXFileReference; lastKnownFileType = wrapper.framework; name = CoreGraphics.framework; path = Platforms/iPhoneOS.platform/Developer/SDKs/iPhoneOS10.3.sdk/System/Library/Frameworks/CoreGraphics.framework; sourceTree = DEVELOPER_DIR; };
		5EFBFE96C755329A52B276B27A61F514 /* cms.h */ = {isa = PBXFileReference; includeInIndex = 1; lastKnownFileType = sourcecode.c.h; name = cms.h; path = "include-ios/openssl/cms.h"; sourceTree = "<group>"; };
		5F5A58D574BEE3F37666076BA6CF379D /* libcrypto.a */ = {isa = PBXFileReference; includeInIndex = 1; lastKnownFileType = archive.ar; name = libcrypto.a; path = "lib-ios/libcrypto.a"; sourceTree = "<group>"; };
		5F7C791EA37169B0B9DEFC09B8C4E9E6 /* AFNetworking-prefix.pch */ = {isa = PBXFileReference; includeInIndex = 1; lastKnownFileType = sourcecode.c.h; path = "AFNetworking-prefix.pch"; sourceTree = "<group>"; };
		623C3EE76175FB6337397069710F067D /* opensslv.h */ = {isa = PBXFileReference; includeInIndex = 1; lastKnownFileType = sourcecode.c.h; name = opensslv.h; path = "include-ios/openssl/opensslv.h"; sourceTree = "<group>"; };
		6538437A6DC628A69A23AA7903D59BA8 /* opensslconf.h */ = {isa = PBXFileReference; includeInIndex = 1; lastKnownFileType = sourcecode.c.h; name = opensslconf.h; path = "include-ios/openssl/opensslconf.h"; sourceTree = "<group>"; };
		65C09C9C80942E99F176D4B33CB7A781 /* LSFloatingActionMenu.xcconfig */ = {isa = PBXFileReference; includeInIndex = 1; lastKnownFileType = text.xcconfig; path = LSFloatingActionMenu.xcconfig; sourceTree = "<group>"; };
		660F03C669CC7CFD1082F03BFFC37310 /* MobileCoreServices.framework */ = {isa = PBXFileReference; lastKnownFileType = wrapper.framework; name = MobileCoreServices.framework; path = Platforms/iPhoneOS.platform/Developer/SDKs/iPhoneOS10.3.sdk/System/Library/Frameworks/MobileCoreServices.framework; sourceTree = DEVELOPER_DIR; };
		67D8C716E1D88C257673E5E8DC0A5C9E /* krb5_asn.h */ = {isa = PBXFileReference; includeInIndex = 1; lastKnownFileType = sourcecode.c.h; name = krb5_asn.h; path = "include-ios/openssl/krb5_asn.h"; sourceTree = "<group>"; };
		68D33A148B374E51E62F2AE1C99B1E49 /* UIProgressView+AFNetworking.m */ = {isa = PBXFileReference; includeInIndex = 1; lastKnownFileType = sourcecode.c.objc; name = "UIProgressView+AFNetworking.m"; path = "UIKit+AFNetworking/UIProgressView+AFNetworking.m"; sourceTree = "<group>"; };
		6A4B395CCB1322152FA2BE2548A99D17 /* cast.h */ = {isa = PBXFileReference; includeInIndex = 1; lastKnownFileType = sourcecode.c.h; name = cast.h; path = "include-ios/openssl/cast.h"; sourceTree = "<group>"; };
		6A9312E058AC12CA0A39C019985D80A1 /* MBProgressHUD.xcconfig */ = {isa = PBXFileReference; includeInIndex = 1; lastKnownFileType = text.xcconfig; path = MBProgressHUD.xcconfig; sourceTree = "<group>"; };
		6F9F7BDAD6508E81CD25E1C49294CC5E /* UIRefreshControl+AFNetworking.h */ = {isa = PBXFileReference; includeInIndex = 1; lastKnownFileType = sourcecode.c.h; name = "UIRefreshControl+AFNetworking.h"; path = "UIKit+AFNetworking/UIRefreshControl+AFNetworking.h"; sourceTree = "<group>"; };
		70057275489C52C9D178E488F22451C5 /* whrlpool.h */ = {isa = PBXFileReference; includeInIndex = 1; lastKnownFileType = sourcecode.c.h; name = whrlpool.h; path = "include-ios/openssl/whrlpool.h"; sourceTree = "<group>"; };
		708DAFEA37B0954AFB80C4C0C5AF847E /* kssl.h */ = {isa = PBXFileReference; includeInIndex = 1; lastKnownFileType = sourcecode.c.h; name = kssl.h; path = "include-ios/openssl/kssl.h"; sourceTree = "<group>"; };
		70D0A97F2B52F4A68E45758BF1DF4597 /* rsa.h */ = {isa = PBXFileReference; includeInIndex = 1; lastKnownFileType = sourcecode.c.h; name = rsa.h; path = "include-ios/openssl/rsa.h"; sourceTree = "<group>"; };
		71283B451C2CF4E554469671A2AA51F3 /* AFURLRequestSerialization.h */ = {isa = PBXFileReference; includeInIndex = 1; lastKnownFileType = sourcecode.c.h; name = AFURLRequestSerialization.h; path = AFNetworking/AFURLRequestSerialization.h; sourceTree = "<group>"; };
		718B9D8687EC78A79ACE3C3F2326CE04 /* UIRefreshControl+AFNetworking.m */ = {isa = PBXFileReference; includeInIndex = 1; lastKnownFileType = sourcecode.c.objc; name = "UIRefreshControl+AFNetworking.m"; path = "UIKit+AFNetworking/UIRefreshControl+AFNetworking.m"; sourceTree = "<group>"; };
		71DFDF3BDEBF2C70261873DB7548ADED /* GoogleMaps.bundle */ = {isa = PBXFileReference; includeInIndex = 1; lastKnownFileType = "wrapper.plug-in"; name = GoogleMaps.bundle; path = Maps/Frameworks/GoogleMaps.framework/Versions/A/Resources/GoogleMaps.bundle; sourceTree = "<group>"; };
		722EE97B2A6D685BC95B8E1846BA2544 /* Pods-Heylaapp.release.xcconfig */ = {isa = PBXFileReference; includeInIndex = 1; lastKnownFileType = text.xcconfig; path = "Pods-Heylaapp.release.xcconfig"; sourceTree = "<group>"; };
		73B80282C02006F38EFF0B1BE8F7E9FC /* Pods-Heylaapp-frameworks.sh */ = {isa = PBXFileReference; includeInIndex = 1; lastKnownFileType = text.script.sh; path = "Pods-Heylaapp-frameworks.sh"; sourceTree = "<group>"; };
		779F26BC0E9E36894D3F51F6779E4677 /* lhash.h */ = {isa = PBXFileReference; includeInIndex = 1; lastKnownFileType = sourcecode.c.h; name = lhash.h; path = "include-ios/openssl/lhash.h"; sourceTree = "<group>"; };
		781BFBE424D20C8FF786870C2FADE466 /* UIProgressView+AFNetworking.h */ = {isa = PBXFileReference; includeInIndex = 1; lastKnownFileType = sourcecode.c.h; name = "UIProgressView+AFNetworking.h"; path = "UIKit+AFNetworking/UIProgressView+AFNetworking.h"; sourceTree = "<group>"; };
		7A45C5B2E9074DCEFCB5633B7AEE4D99 /* tls1.h */ = {isa = PBXFileReference; includeInIndex = 1; lastKnownFileType = sourcecode.c.h; name = tls1.h; path = "include-ios/openssl/tls1.h"; sourceTree = "<group>"; };
		7A6F77BD6364BC2136556769C5BF46DA /* pem2.h */ = {isa = PBXFileReference; includeInIndex = 1; lastKnownFileType = sourcecode.c.h; name = pem2.h; path = "include-ios/openssl/pem2.h"; sourceTree = "<group>"; };
		7ACFE8F9F0BBDBBB8EB9DF6BAEE719B8 /* UIImageView+AFNetworking.h */ = {isa = PBXFileReference; includeInIndex = 1; lastKnownFileType = sourcecode.c.h; name = "UIImageView+AFNetworking.h"; path = "UIKit+AFNetworking/UIImageView+AFNetworking.h"; sourceTree = "<group>"; };
		7E5253054D6B18D12F7E912D6AF8632F /* symhacks.h */ = {isa = PBXFileReference; includeInIndex = 1; lastKnownFileType = sourcecode.c.h; name = symhacks.h; path = "include-ios/openssl/symhacks.h"; sourceTree = "<group>"; };
		7E8D8BB05187F20C6AAAA64CC85D87E6 /* QuartzCore.framework */ = {isa = PBXFileReference; lastKnownFileType = wrapper.framework; name = QuartzCore.framework; path = Platforms/iPhoneOS.platform/Developer/SDKs/iPhoneOS10.3.sdk/System/Library/Frameworks/QuartzCore.framework; sourceTree = DEVELOPER_DIR; };
		7ECD133D24DC7FB3AB790ECC9A20CF60 /* AFAutoPurgingImageCache.h */ = {isa = PBXFileReference; includeInIndex = 1; lastKnownFileType = sourcecode.c.h; name = AFAutoPurgingImageCache.h; path = "UIKit+AFNetworking/AFAutoPurgingImageCache.h"; sourceTree = "<group>"; };
		7EF229990C859021238C8CAE8C3F7561 /* ripemd.h */ = {isa = PBXFileReference; includeInIndex = 1; lastKnownFileType = sourcecode.c.h; name = ripemd.h; path = "include-ios/openssl/ripemd.h"; sourceTree = "<group>"; };
		8078E689E3BC692472D1FB9D254697B0 /* GooglePlaces.framework */ = {isa = PBXFileReference; lastKnownFileType = wrapper.framework; name = GooglePlaces.framework; path = Frameworks/GooglePlaces.framework; sourceTree = "<group>"; };
		80A4AACDEEF9AED1E7EB0D5E4CB9DE6D /* UIImage+AFNetworking.h */ = {isa = PBXFileReference; includeInIndex = 1; lastKnownFileType = sourcecode.c.h; name = "UIImage+AFNetworking.h"; path = "UIKit+AFNetworking/UIImage+AFNetworking.h"; sourceTree = "<group>"; };
		83159BDB7DEBC827442FB4189E90EF8B /* Pods-Heylaapp-acknowledgements.plist */ = {isa = PBXFileReference; includeInIndex = 1; lastKnownFileType = text.plist.xml; path = "Pods-Heylaapp-acknowledgements.plist"; sourceTree = "<group>"; };
		83780F725D6576B99341DFAF7A66D1C4 /* ssl2.h */ = {isa = PBXFileReference; includeInIndex = 1; lastKnownFileType = sourcecode.c.h; name = ssl2.h; path = "include-ios/openssl/ssl2.h"; sourceTree = "<group>"; };
		841D86AEB8733BFF0B8C62444C273D83 /* rc4.h */ = {isa = PBXFileReference; includeInIndex = 1; lastKnownFileType = sourcecode.c.h; name = rc4.h; path = "include-ios/openssl/rc4.h"; sourceTree = "<group>"; };
		84701B10348FDAFF435CBAE33404040C /* AFNetworkReachabilityManager.m */ = {isa = PBXFileReference; includeInIndex = 1; lastKnownFileType = sourcecode.c.objc; name = AFNetworkReachabilityManager.m; path = AFNetworking/AFNetworkReachabilityManager.m; sourceTree = "<group>"; };
		87AD31617FDC2C6416FD78A809B4DC51 /* AFImageDownloader.h */ = {isa = PBXFileReference; includeInIndex = 1; lastKnownFileType = sourcecode.c.h; name = AFImageDownloader.h; path = "UIKit+AFNetworking/AFImageDownloader.h"; sourceTree = "<group>"; };
		8EF3DB299AF9729CF4BB28B86086FBAB /* libHMSegmentedControl.a */ = {isa = PBXFileReference; explicitFileType = archive.ar; includeInIndex = 0; name = libHMSegmentedControl.a; path = libHMSegmentedControl.a; sourceTree = BUILT_PRODUCTS_DIR; };
		8FE969ABC2A08E9296404B439BE11F7D /* ui.h */ = {isa = PBXFileReference; includeInIndex = 1; lastKnownFileType = sourcecode.c.h; name = ui.h; path = "include-ios/openssl/ui.h"; sourceTree = "<group>"; };
		9070787E9FD61926411135D6040E5D64 /* x509.h */ = {isa = PBXFileReference; includeInIndex = 1; lastKnownFileType = sourcecode.c.h; name = x509.h; path = "include-ios/openssl/x509.h"; sourceTree = "<group>"; };
		922D31D1DC2A8370ED9685185876AFB3 /* dso.h */ = {isa = PBXFileReference; includeInIndex = 1; lastKnownFileType = sourcecode.c.h; name = dso.h; path = "include-ios/openssl/dso.h"; sourceTree = "<group>"; };
		9255FDF6AA43F41FA2200A89B4F29233 /* x509_vfy.h */ = {isa = PBXFileReference; includeInIndex = 1; lastKnownFileType = sourcecode.c.h; name = x509_vfy.h; path = "include-ios/openssl/x509_vfy.h"; sourceTree = "<group>"; };
		929145C6F7B155F6B8C8E489B4A754AB /* AFNetworkActivityIndicatorManager.h */ = {isa = PBXFileReference; includeInIndex = 1; lastKnownFileType = sourcecode.c.h; name = AFNetworkActivityIndicatorManager.h; path = "UIKit+AFNetworking/AFNetworkActivityIndicatorManager.h"; sourceTree = "<group>"; };
		93A4A3777CF96A4AAC1D13BA6DCCEA73 /* Podfile */ = {isa = PBXFileReference; explicitFileType = text.script.ruby; includeInIndex = 1; lastKnownFileType = text; name = Podfile; path = ../Podfile; sourceTree = SOURCE_ROOT; xcLanguageSpecificationIdentifier = xcode.lang.ruby; };
		94EFABDCC2BF7BE632AB3C79228995CC /* ui_compat.h */ = {isa = PBXFileReference; includeInIndex = 1; lastKnownFileType = sourcecode.c.h; name = ui_compat.h; path = "include-ios/openssl/ui_compat.h"; sourceTree = "<group>"; };
		957C6734A77334BB25B34BC6AF10A485 /* LSFloatingActionMenu-dummy.m */ = {isa = PBXFileReference; includeInIndex = 1; lastKnownFileType = sourcecode.c.objc; path = "LSFloatingActionMenu-dummy.m"; sourceTree = "<group>"; };
		98E4A036A0AF5A3F9815493DD2B719AB /* ebcdic.h */ = {isa = PBXFileReference; includeInIndex = 1; lastKnownFileType = sourcecode.c.h; name = ebcdic.h; path = "include-ios/openssl/ebcdic.h"; sourceTree = "<group>"; };
		9D3DA3A986B636345C33EFCC556B079A /* Security.framework */ = {isa = PBXFileReference; lastKnownFileType = wrapper.framework; name = Security.framework; path = Platforms/iPhoneOS.platform/Developer/SDKs/iPhoneOS10.3.sdk/System/Library/Frameworks/Security.framework; sourceTree = DEVELOPER_DIR; };
		A15A77D11EB8112316FF265F617CAB98 /* MBProgressHUD-prefix.pch */ = {isa = PBXFileReference; includeInIndex = 1; lastKnownFileType = sourcecode.c.h; path = "MBProgressHUD-prefix.pch"; sourceTree = "<group>"; };
		A2E4A85D21600783C61C51D0E0B8917E /* ocsp.h */ = {isa = PBXFileReference; includeInIndex = 1; lastKnownFileType = sourcecode.c.h; name = ocsp.h; path = "include-ios/openssl/ocsp.h"; sourceTree = "<group>"; };
		A4DA2613D71A1659D518DC2977D04EE0 /* LSFloatingActionMenu-prefix.pch */ = {isa = PBXFileReference; includeInIndex = 1; lastKnownFileType = sourcecode.c.h; path = "LSFloatingActionMenu-prefix.pch"; sourceTree = "<group>"; };
		A50327E8A4252498E589965E3507B090 /* MBProgressHUD.h */ = {isa = PBXFileReference; includeInIndex = 1; lastKnownFileType = sourcecode.c.h; path = MBProgressHUD.h; sourceTree = "<group>"; };
		A8F0BB48B6F76FC72E48CF11DDA3B726 /* AFNetworking.xcconfig */ = {isa = PBXFileReference; includeInIndex = 1; lastKnownFileType = text.xcconfig; path = AFNetworking.xcconfig; sourceTree = "<group>"; };
		A9EE7775BBDB8E563B458FB8C13E7E84 /* GoogleMapsBase.framework */ = {isa = PBXFileReference; lastKnownFileType = wrapper.framework; name = GoogleMapsBase.framework; path = Base/Frameworks/GoogleMapsBase.framework; sourceTree = "<group>"; };
		AA2313F2B60836E952BE48565145F76B /* des.h */ = {isa = PBXFileReference; includeInIndex = 1; lastKnownFileType = sourcecode.c.h; name = des.h; path = "include-ios/openssl/des.h"; sourceTree = "<group>"; };
		ABE84C68D32B017DD0AD1629C3195349 /* cmac.h */ = {isa = PBXFileReference; includeInIndex = 1; lastKnownFileType = sourcecode.c.h; name = cmac.h; path = "include-ios/openssl/cmac.h"; sourceTree = "<group>"; };
		AC60C5235EE9B03DBCEA95F51E9360AE /* dsa.h */ = {isa = PBXFileReference; includeInIndex = 1; lastKnownFileType = sourcecode.c.h; name = dsa.h; path = "include-ios/openssl/dsa.h"; sourceTree = "<group>"; };
		ACB304E406B160F5BB3280E144BFD099 /* md4.h */ = {isa = PBXFileReference; includeInIndex = 1; lastKnownFileType = sourcecode.c.h; name = md4.h; path = "include-ios/openssl/md4.h"; sourceTree = "<group>"; };
		AF4ED3FC93808514C80C17A670B20E68 /* srtp.h */ = {isa = PBXFileReference; includeInIndex = 1; lastKnownFileType = sourcecode.c.h; name = srtp.h; path = "include-ios/openssl/srtp.h"; sourceTree = "<group>"; };
		B7F5E50BF42525909F885DE0DE70BF97 /* AFNetworkReachabilityManager.h */ = {isa = PBXFileReference; includeInIndex = 1; lastKnownFileType = sourcecode.c.h; name = AFNetworkReachabilityManager.h; path = AFNetworking/AFNetworkReachabilityManager.h; sourceTree = "<group>"; };
		B8984177B2EDE9BFF083E9FC33C0BCB3 /* AFURLSessionManager.h */ = {isa = PBXFileReference; includeInIndex = 1; lastKnownFileType = sourcecode.c.h; name = AFURLSessionManager.h; path = AFNetworking/AFURLSessionManager.h; sourceTree = "<group>"; };
		B9293FC2D074B741614C2BC63117AC4D /* evp.h */ = {isa = PBXFileReference; includeInIndex = 1; lastKnownFileType = sourcecode.c.h; name = evp.h; path = "include-ios/openssl/evp.h"; sourceTree = "<group>"; };
		B94E2DA41128F7FFACB77B1229A52B91 /* AFNetworking.h */ = {isa = PBXFileReference; includeInIndex = 1; lastKnownFileType = sourcecode.c.h; name = AFNetworking.h; path = AFNetworking/AFNetworking.h; sourceTree = "<group>"; };
		BA8F244ACF3C258F960E4D577D97F1B4 /* HMSegmentedControl.xcconfig */ = {isa = PBXFileReference; includeInIndex = 1; lastKnownFileType = text.xcconfig; path = HMSegmentedControl.xcconfig; sourceTree = "<group>"; };
		C53E94258FD054DBA0BEF602165A376B /* UIButton+AFNetworking.h */ = {isa = PBXFileReference; includeInIndex = 1; lastKnownFileType = sourcecode.c.h; name = "UIButton+AFNetworking.h"; path = "UIKit+AFNetworking/UIButton+AFNetworking.h"; sourceTree = "<group>"; };
		C62160113D143DA28BB817D259F98634 /* Pods-Heylaapp.debug.xcconfig */ = {isa = PBXFileReference; includeInIndex = 1; lastKnownFileType = text.xcconfig; path = "Pods-Heylaapp.debug.xcconfig"; sourceTree = "<group>"; };
		C621955EA23A2994A60A4BC59B737AFF /* Pods-Heylaapp-dummy.m */ = {isa = PBXFileReference; includeInIndex = 1; lastKnownFileType = sourcecode.c.objc; path = "Pods-Heylaapp-dummy.m"; sourceTree = "<group>"; };
		CA053020E3027768BB22B6EF77E6B316 /* AFImageDownloader.m */ = {isa = PBXFileReference; includeInIndex = 1; lastKnownFileType = sourcecode.c.objc; name = AFImageDownloader.m; path = "UIKit+AFNetworking/AFImageDownloader.m"; sourceTree = "<group>"; };
		CB937A0FFD27317B95FCF8A0CDB7784F /* hmac.h */ = {isa = PBXFileReference; includeInIndex = 1; lastKnownFileType = sourcecode.c.h; name = hmac.h; path = "include-ios/openssl/hmac.h"; sourceTree = "<group>"; };
		CBB2833F9EF111720B238E533209F567 /* ssl.h */ = {isa = PBXFileReference; includeInIndex = 1; lastKnownFileType = sourcecode.c.h; name = ssl.h; path = "include-ios/openssl/ssl.h"; sourceTree = "<group>"; };
		CBB8842A5CBEB008198154F27A173441 /* bn.h */ = {isa = PBXFileReference; includeInIndex = 1; lastKnownFileType = sourcecode.c.h; name = bn.h; path = "include-ios/openssl/bn.h"; sourceTree = "<group>"; };
		CC658883CBE67779323F67B571B3A391 /* asn1_mac.h */ = {isa = PBXFileReference; includeInIndex = 1; lastKnownFileType = sourcecode.c.h; name = asn1_mac.h; path = "include-ios/openssl/asn1_mac.h"; sourceTree = "<group>"; };
		CD2E65D85DBCBA4B038179F8F99457E1 /* libLSFloatingActionMenu.a */ = {isa = PBXFileReference; explicitFileType = archive.ar; includeInIndex = 0; name = libLSFloatingActionMenu.a; path = libLSFloatingActionMenu.a; sourceTree = BUILT_PRODUCTS_DIR; };
		CDD6DDEF772BC467E923BDEA8C53F28A /* camellia.h */ = {isa = PBXFileReference; includeInIndex = 1; lastKnownFileType = sourcecode.c.h; name = camellia.h; path = "include-ios/openssl/camellia.h"; sourceTree = "<group>"; };
		CE066E157CFE21BC51BDA77E78F7F06B /* UIWebView+AFNetworking.h */ = {isa = PBXFileReference; includeInIndex = 1; lastKnownFileType = sourcecode.c.h; name = "UIWebView+AFNetworking.h"; path = "UIKit+AFNetworking/UIWebView+AFNetworking.h"; sourceTree = "<group>"; };
		D0B68CD9E7FD06958B1B14D20C2769A2 /* MBProgressHUD.m */ = {isa = PBXFileReference; includeInIndex = 1; lastKnownFileType = sourcecode.c.objc; path = MBProgressHUD.m; sourceTree = "<group>"; };
		D478BC5E3381E8A1E9A1DDF66025351B /* dtls1.h */ = {isa = PBXFileReference; includeInIndex = 1; lastKnownFileType = sourcecode.c.h; name = dtls1.h; path = "include-ios/openssl/dtls1.h"; sourceTree = "<group>"; };
		D826776B56ABF846EB4BA6AB47FE74C7 /* libMBProgressHUD.a */ = {isa = PBXFileReference; explicitFileType = archive.ar; includeInIndex = 0; name = libMBProgressHUD.a; path = libMBProgressHUD.a; sourceTree = BUILT_PRODUCTS_DIR; };
		D832002D30AD6B33DEFF56C931D65885 /* AFSecurityPolicy.h */ = {isa = PBXFileReference; includeInIndex = 1; lastKnownFileType = sourcecode.c.h; name = AFSecurityPolicy.h; path = AFNetworking/AFSecurityPolicy.h; sourceTree = "<group>"; };
		D95ACB55742723D97A77BFAB5CD781E4 /* Pods-Heylaapp-acknowledgements.markdown */ = {isa = PBXFileReference; includeInIndex = 1; lastKnownFileType = text; path = "Pods-Heylaapp-acknowledgements.markdown"; sourceTree = "<group>"; };
		D96BE71CD1CE229F0D74BA5306F3BEFE /* AFURLSessionManager.m */ = {isa = PBXFileReference; includeInIndex = 1; lastKnownFileType = sourcecode.c.objc; name = AFURLSessionManager.m; path = AFNetworking/AFURLSessionManager.m; sourceTree = "<group>"; };
		DA5FE535CF482BE2D75D4B35E453968F /* AFURLRequestSerialization.m */ = {isa = PBXFileReference; includeInIndex = 1; lastKnownFileType = sourcecode.c.objc; name = AFURLRequestSerialization.m; path = AFNetworking/AFURLRequestSerialization.m; sourceTree = "<group>"; };
		DDEBF709862EEA8D96C0726920F5B05A /* HMSegmentedControl-dummy.m */ = {isa = PBXFileReference; includeInIndex = 1; lastKnownFileType = sourcecode.c.objc; path = "HMSegmentedControl-dummy.m"; sourceTree = "<group>"; };
		E3D7309E06518510196CC4044330B227 /* des_old.h */ = {isa = PBXFileReference; includeInIndex = 1; lastKnownFileType = sourcecode.c.h; name = des_old.h; path = "include-ios/openssl/des_old.h"; sourceTree = "<group>"; };
		E6CB330C46CF4532D2E2C0A94BFD7E61 /* Pods-Heylaapp-resources.sh */ = {isa = PBXFileReference; includeInIndex = 1; lastKnownFileType = text.script.sh; path = "Pods-Heylaapp-resources.sh"; sourceTree = "<group>"; };
		E8BE1FE7AC0C8C1687E78491522DAA99 /* srp.h */ = {isa = PBXFileReference; includeInIndex = 1; lastKnownFileType = sourcecode.c.h; name = srp.h; path = "include-ios/openssl/srp.h"; sourceTree = "<group>"; };
		EA359A2A039B8C07EF86B3ACB219CD32 /* AFURLResponseSerialization.h */ = {isa = PBXFileReference; includeInIndex = 1; lastKnownFileType = sourcecode.c.h; name = AFURLResponseSerialization.h; path = AFNetworking/AFURLResponseSerialization.h; sourceTree = "<group>"; };
		EB580FD9F8FAA2D636EF2C013B1C3EA1 /* AFNetworkActivityIndicatorManager.m */ = {isa = PBXFileReference; includeInIndex = 1; lastKnownFileType = sourcecode.c.objc; name = AFNetworkActivityIndicatorManager.m; path = "UIKit+AFNetworking/AFNetworkActivityIndicatorManager.m"; sourceTree = "<group>"; };
		ED8F32E22B1D38079EDDF6535AB49CD1 /* comp.h */ = {isa = PBXFileReference; includeInIndex = 1; lastKnownFileType = sourcecode.c.h; name = comp.h; path = "include-ios/openssl/comp.h"; sourceTree = "<group>"; };
		EDA7195BA9C5EAEEB96C8D29B5A98727 /* SystemConfiguration.framework */ = {isa = PBXFileReference; lastKnownFileType = wrapper.framework; name = SystemConfiguration.framework; path = Platforms/iPhoneOS.platform/Developer/SDKs/iPhoneOS10.3.sdk/System/Library/Frameworks/SystemConfiguration.framework; sourceTree = DEVELOPER_DIR; };
		EEE851533AAA20D205FA84C49A8FD510 /* rc2.h */ = {isa = PBXFileReference; includeInIndex = 1; lastKnownFileType = sourcecode.c.h; name = rc2.h; path = "include-ios/openssl/rc2.h"; sourceTree = "<group>"; };
		F625078A90E879A845B8E01D2E223CBD /* LSFloatingActionMenu.h */ = {isa = PBXFileReference; includeInIndex = 1; lastKnownFileType = sourcecode.c.h; name = LSFloatingActionMenu.h; path = LSFloatingActionMenu/LSFloatingActionMenu.h; sourceTree = "<group>"; };
		F65994B226A23950F7D3D83928B49720 /* UIWebView+AFNetworking.m */ = {isa = PBXFileReference; includeInIndex = 1; lastKnownFileType = sourcecode.c.objc; name = "UIWebView+AFNetworking.m"; path = "UIKit+AFNetworking/UIWebView+AFNetworking.m"; sourceTree = "<group>"; };
		F6BFBBEC2162ECFA9490C604AE5F0354 /* engine.h */ = {isa = PBXFileReference; includeInIndex = 1; lastKnownFileType = sourcecode.c.h; name = engine.h; path = "include-ios/openssl/engine.h"; sourceTree = "<group>"; };
		F87C10EFF0C4004F8FE7896EA66645BB /* pkcs7.h */ = {isa = PBXFileReference; includeInIndex = 1; lastKnownFileType = sourcecode.c.h; name = pkcs7.h; path = "include-ios/openssl/pkcs7.h"; sourceTree = "<group>"; };
		F94865D10464491330D0B872CCBC88AB /* AFHTTPSessionManager.m */ = {isa = PBXFileReference; includeInIndex = 1; lastKnownFileType = sourcecode.c.objc; name = AFHTTPSessionManager.m; path = AFNetworking/AFHTTPSessionManager.m; sourceTree = "<group>"; };
		F9BAF56832C9A6618D6C79BE4D751841 /* HMSegmentedControl-prefix.pch */ = {isa = PBXFileReference; includeInIndex = 1; lastKnownFileType = sourcecode.c.h; path = "HMSegmentedControl-prefix.pch"; sourceTree = "<group>"; };
		FE72544120FD6361B64E64575B53DD37 /* libssl.a */ = {isa = PBXFileReference; includeInIndex = 1; lastKnownFileType = archive.ar; name = libssl.a; path = "lib-ios/libssl.a"; sourceTree = "<group>"; };
		FFEAAA66162E6D0FE02D09C407121544 /* idea.h */ = {isa = PBXFileReference; includeInIndex = 1; lastKnownFileType = sourcecode.c.h; name = idea.h; path = "include-ios/openssl/idea.h"; sourceTree = "<group>"; };
/* End PBXFileReference section */

/* Begin PBXFrameworksBuildPhase section */
		2AA5F33F4E2D8F63F9068159CD2D61CB /* Frameworks */ = {
			isa = PBXFrameworksBuildPhase;
			buildActionMask = 2147483647;
			files = (
				8685003AC00DAE6319449C9F78842763 /* Foundation.framework in Frameworks */,
				EDE7CFC3A78C8112170F7DF602EA164C /* QuartzCore.framework in Frameworks */,
			);
			runOnlyForDeploymentPostprocessing = 0;
		};
		6E161DDFBBEE4CD0327665B521C5B191 /* Frameworks */ = {
			isa = PBXFrameworksBuildPhase;
			buildActionMask = 2147483647;
			files = (
				C2E713E117DF830A7E991C115FA4BA10 /* Foundation.framework in Frameworks */,
			);
			runOnlyForDeploymentPostprocessing = 0;
		};
		A84800DE74CB117738D4C6A93E7746E0 /* Frameworks */ = {
			isa = PBXFrameworksBuildPhase;
			buildActionMask = 2147483647;
			files = (
				FA53F5BDEA140CF9B18E3395CF5362A5 /* Foundation.framework in Frameworks */,
				FC6A6B0E9164ABD54AD30F6363B933FE /* UIKit.framework in Frameworks */,
			);
			runOnlyForDeploymentPostprocessing = 0;
		};
		F3284DBE3CA8932733932AD2A48445B2 /* Frameworks */ = {
			isa = PBXFrameworksBuildPhase;
			buildActionMask = 2147483647;
			files = (
				CBCCEAD402645565401CA93924736979 /* CoreGraphics.framework in Frameworks */,
				0214246CCB1FF7182F7222B9CCDF8FCB /* Foundation.framework in Frameworks */,
				F8DCA6C3C05A59B2C95A1B5F1CBD8C99 /* MobileCoreServices.framework in Frameworks */,
				DE825B8F32AB823F4BE5492CAC6FCB4B /* Security.framework in Frameworks */,
				903158692A045396106CA22C0DD13BA6 /* SystemConfiguration.framework in Frameworks */,
			);
			runOnlyForDeploymentPostprocessing = 0;
		};
		F9AC974E3329F79899A7B3BE290FC894 /* Frameworks */ = {
			isa = PBXFrameworksBuildPhase;
			buildActionMask = 2147483647;
			files = (
				1C76817FA5353D989D7BC33E8C5997B5 /* CoreGraphics.framework in Frameworks */,
				93F12B05D8333C37D9CBEA3D1782CC04 /* Foundation.framework in Frameworks */,
				7291E906AE8A3C1F92183154FE65DCDD /* QuartzCore.framework in Frameworks */,
			);
			runOnlyForDeploymentPostprocessing = 0;
		};
/* End PBXFrameworksBuildPhase section */

/* Begin PBXGroup section */
		04092DC67BCF67BE132E93747B64D85F /* Targets Support Files */ = {
			isa = PBXGroup;
			children = (
				0E0F7338279F7A400EF1F426948FC089 /* Pods-Heylaapp */,
			);
			name = "Targets Support Files";
			sourceTree = "<group>";
		};
		0E0F7338279F7A400EF1F426948FC089 /* Pods-Heylaapp */ = {
			isa = PBXGroup;
			children = (
				D95ACB55742723D97A77BFAB5CD781E4 /* Pods-Heylaapp-acknowledgements.markdown */,
				83159BDB7DEBC827442FB4189E90EF8B /* Pods-Heylaapp-acknowledgements.plist */,
				C621955EA23A2994A60A4BC59B737AFF /* Pods-Heylaapp-dummy.m */,
				73B80282C02006F38EFF0B1BE8F7E9FC /* Pods-Heylaapp-frameworks.sh */,
				E6CB330C46CF4532D2E2C0A94BFD7E61 /* Pods-Heylaapp-resources.sh */,
				C62160113D143DA28BB817D259F98634 /* Pods-Heylaapp.debug.xcconfig */,
				722EE97B2A6D685BC95B8E1846BA2544 /* Pods-Heylaapp.release.xcconfig */,
			);
			name = "Pods-Heylaapp";
			path = "Target Support Files/Pods-Heylaapp";
			sourceTree = "<group>";
		};
		0FD7DC843C4FDA3EF1CE788808F5ABCA /* iOS */ = {
			isa = PBXGroup;
			children = (
				5EF5C46DD71F200573846D57B69BFCEE /* CoreGraphics.framework */,
				2259DFD6D909A7F48E9D877F84410360 /* Foundation.framework */,
				660F03C669CC7CFD1082F03BFFC37310 /* MobileCoreServices.framework */,
				7E8D8BB05187F20C6AAAA64CC85D87E6 /* QuartzCore.framework */,
				9D3DA3A986B636345C33EFCC556B079A /* Security.framework */,
				EDA7195BA9C5EAEEB96C8D29B5A98727 /* SystemConfiguration.framework */,
				32D5ED0F9B4A3FFA873D03E7F369A8CA /* UIKit.framework */,
			);
			name = iOS;
			sourceTree = "<group>";
		};
		2415EC3E90AC09D857F2C6A99E96BA3C /* Reachability */ = {
			isa = PBXGroup;
			children = (
				B7F5E50BF42525909F885DE0DE70BF97 /* AFNetworkReachabilityManager.h */,
				84701B10348FDAFF435CBAE33404040C /* AFNetworkReachabilityManager.m */,
			);
			name = Reachability;
			sourceTree = "<group>";
		};
		29D3FB94C0DE7FD76E34450A9A2759FB /* Serialization */ = {
			isa = PBXGroup;
			children = (
				71283B451C2CF4E554469671A2AA51F3 /* AFURLRequestSerialization.h */,
				DA5FE535CF482BE2D75D4B35E453968F /* AFURLRequestSerialization.m */,
				EA359A2A039B8C07EF86B3ACB219CD32 /* AFURLResponseSerialization.h */,
				1C5D05B8B1D889F64C74B00D8F4CF813 /* AFURLResponseSerialization.m */,
			);
			name = Serialization;
			sourceTree = "<group>";
		};
		2AA7BF141D523691F8B8B718471570CA /* Maps */ = {
			isa = PBXGroup;
			children = (
				344E5A1334821D40265A58FD2F8095E2 /* Frameworks */,
				D8A4D6C4EEED20393D6D6B186A6A6B53 /* Resources */,
			);
			name = Maps;
			sourceTree = "<group>";
		};
		32B31752C7ECF880C8F5C06DB8C2F4AA /* LSFloatingActionMenu */ = {
			isa = PBXGroup;
			children = (
				F625078A90E879A845B8E01D2E223CBD /* LSFloatingActionMenu.h */,
				50DAE88123A7FF6ED561390393CAA6F9 /* LSFloatingActionMenu.m */,
				44EED113B7DE1933D28B264FC0A31DE3 /* LSFloatingActionMenuItem.h */,
				12E6995AF6D91A25228ADF132D99B0AA /* LSFloatingActionMenuItem.m */,
				D29B8536DF7D63E358604384B7E04920 /* Support Files */,
			);
			name = LSFloatingActionMenu;
			path = LSFloatingActionMenu;
			sourceTree = "<group>";
		};
		344E5A1334821D40265A58FD2F8095E2 /* Frameworks */ = {
			isa = PBXGroup;
			children = (
				0C1C151E44EA8701AC215D013A270D3C /* GoogleMaps.framework */,
				3CF6B034DDD83E1E2091048A81CDBF90 /* GoogleMapsCore.framework */,
			);
			name = Frameworks;
			sourceTree = "<group>";
		};
		444ACB82F644A29FA6815F2A574BFEB6 /* NSURLSession */ = {
			isa = PBXGroup;
			children = (
				529D0D7BD4CB69A95431BDDEEB704A5C /* AFHTTPSessionManager.h */,
				F94865D10464491330D0B872CCBC88AB /* AFHTTPSessionManager.m */,
				B8984177B2EDE9BFF083E9FC33C0BCB3 /* AFURLSessionManager.h */,
				D96BE71CD1CE229F0D74BA5306F3BEFE /* AFURLSessionManager.m */,
			);
			name = NSURLSession;
			sourceTree = "<group>";
		};
		5551C94E98AD27F1B3CBE534B5EA4025 /* MBProgressHUD */ = {
			isa = PBXGroup;
			children = (
				A50327E8A4252498E589965E3507B090 /* MBProgressHUD.h */,
				D0B68CD9E7FD06958B1B14D20C2769A2 /* MBProgressHUD.m */,
				B8BAC78701B276D1CCEDCDA326B65B28 /* Support Files */,
			);
			name = MBProgressHUD;
			path = MBProgressHUD;
			sourceTree = "<group>";
		};
		59D05E34774EF7C73F72805AB8A042D5 /* Frameworks */ = {
			isa = PBXGroup;
			children = (
				5F5A58D574BEE3F37666076BA6CF379D /* libcrypto.a */,
				FE72544120FD6361B64E64575B53DD37 /* libssl.a */,
			);
			name = Frameworks;
			sourceTree = "<group>";
		};
		714E6791D92AB8FD77925E8B29DDC4E0 /* Resources */ = {
			isa = PBXGroup;
			children = (
				55A08E377C7044BF1E45C75BB3682FB8 /* GooglePlaces.bundle */,
			);
			name = Resources;
			sourceTree = "<group>";
		};
		7561A01F4A037E1BE2E40A3CC60C469D /* AFNetworking */ = {
			isa = PBXGroup;
			children = (
				B94E2DA41128F7FFACB77B1229A52B91 /* AFNetworking.h */,
				444ACB82F644A29FA6815F2A574BFEB6 /* NSURLSession */,
				2415EC3E90AC09D857F2C6A99E96BA3C /* Reachability */,
				B6F71FEE95067DFB7A10AA441A8309D0 /* Security */,
				29D3FB94C0DE7FD76E34450A9A2759FB /* Serialization */,
				B8E0864CFAC2B908A54AC5CC83730A4B /* Support Files */,
				A7A2A8C8829CE67E9EE87E5311091480 /* UIKit */,
			);
			name = AFNetworking;
			path = AFNetworking;
			sourceTree = "<group>";
		};
		77A488F0F665A6AF0E590E6CC08A24BC /* HMSegmentedControl */ = {
			isa = PBXGroup;
			children = (
				4D388A5F196DDC4A3DC2AE38F04DDEE0 /* HMSegmentedControl.h */,
				45F09A4F4DB02EEA403C4B86A46992E3 /* HMSegmentedControl.m */,
				BA7518D94A0499B3B244726FFDB6CFAA /* Support Files */,
			);
			name = HMSegmentedControl;
			path = HMSegmentedControl;
			sourceTree = "<group>";
		};
		7BB02605807E2F84FCA4AD1B3B771D7B /* Pods */ = {
			isa = PBXGroup;
			children = (
				7561A01F4A037E1BE2E40A3CC60C469D /* AFNetworking */,
				C7F48FE88AB14D42C7C0CB6CEC0EE673 /* GoogleMaps */,
				8B2CD5A047F73F85896A7BA5EE997816 /* GooglePlaces */,
				77A488F0F665A6AF0E590E6CC08A24BC /* HMSegmentedControl */,
				32B31752C7ECF880C8F5C06DB8C2F4AA /* LSFloatingActionMenu */,
				5551C94E98AD27F1B3CBE534B5EA4025 /* MBProgressHUD */,
				C3C314591841A71F28F33C03236DF7DA /* OpenSSL-Universal */,
			);
			name = Pods;
			sourceTree = "<group>";
		};
		7DB346D0F39D3F0E887471402A8071AB = {
			isa = PBXGroup;
			children = (
				93A4A3777CF96A4AAC1D13BA6DCCEA73 /* Podfile */,
				F4CDA5FA9197A41E0081E84F932906EB /* Frameworks */,
				7BB02605807E2F84FCA4AD1B3B771D7B /* Pods */,
				FFAC41C2B0E46B1C871E3FDF7351B7DC /* Products */,
				04092DC67BCF67BE132E93747B64D85F /* Targets Support Files */,
			);
			sourceTree = "<group>";
		};
		8B2CD5A047F73F85896A7BA5EE997816 /* GooglePlaces */ = {
			isa = PBXGroup;
			children = (
				DFAE794D5B27A7BC9834F57036030FF2 /* Frameworks */,
				714E6791D92AB8FD77925E8B29DDC4E0 /* Resources */,
			);
			name = GooglePlaces;
			path = GooglePlaces;
			sourceTree = "<group>";
		};
		A7A2A8C8829CE67E9EE87E5311091480 /* UIKit */ = {
			isa = PBXGroup;
			children = (
				7ECD133D24DC7FB3AB790ECC9A20CF60 /* AFAutoPurgingImageCache.h */,
				10379E2FF5DB2496F6B1C5AA7A3731A0 /* AFAutoPurgingImageCache.m */,
				87AD31617FDC2C6416FD78A809B4DC51 /* AFImageDownloader.h */,
				CA053020E3027768BB22B6EF77E6B316 /* AFImageDownloader.m */,
				929145C6F7B155F6B8C8E489B4A754AB /* AFNetworkActivityIndicatorManager.h */,
				EB580FD9F8FAA2D636EF2C013B1C3EA1 /* AFNetworkActivityIndicatorManager.m */,
				17D77039C79F69AD866419E05268AFF2 /* UIActivityIndicatorView+AFNetworking.h */,
				278E4D9F46DE782C81D777046D530E06 /* UIActivityIndicatorView+AFNetworking.m */,
				C53E94258FD054DBA0BEF602165A376B /* UIButton+AFNetworking.h */,
				4C91E8328AFD720E54437CF818B2BF31 /* UIButton+AFNetworking.m */,
				80A4AACDEEF9AED1E7EB0D5E4CB9DE6D /* UIImage+AFNetworking.h */,
				7ACFE8F9F0BBDBBB8EB9DF6BAEE719B8 /* UIImageView+AFNetworking.h */,
				374B846B449D6BB43D092396746F0FF5 /* UIImageView+AFNetworking.m */,
				5022F9C01DBC315F1494671956AB2690 /* UIKit+AFNetworking.h */,
				781BFBE424D20C8FF786870C2FADE466 /* UIProgressView+AFNetworking.h */,
				68D33A148B374E51E62F2AE1C99B1E49 /* UIProgressView+AFNetworking.m */,
				6F9F7BDAD6508E81CD25E1C49294CC5E /* UIRefreshControl+AFNetworking.h */,
				718B9D8687EC78A79ACE3C3F2326CE04 /* UIRefreshControl+AFNetworking.m */,
				CE066E157CFE21BC51BDA77E78F7F06B /* UIWebView+AFNetworking.h */,
				F65994B226A23950F7D3D83928B49720 /* UIWebView+AFNetworking.m */,
			);
			name = UIKit;
			sourceTree = "<group>";
		};
		B6F71FEE95067DFB7A10AA441A8309D0 /* Security */ = {
			isa = PBXGroup;
			children = (
				D832002D30AD6B33DEFF56C931D65885 /* AFSecurityPolicy.h */,
				1EB81404A693BF717BFD3ACE2FEB423C /* AFSecurityPolicy.m */,
			);
			name = Security;
			sourceTree = "<group>";
		};
		B8BAC78701B276D1CCEDCDA326B65B28 /* Support Files */ = {
			isa = PBXGroup;
			children = (
				6A9312E058AC12CA0A39C019985D80A1 /* MBProgressHUD.xcconfig */,
				397A7B1EA12A67CAC8E4459256021AA6 /* MBProgressHUD-dummy.m */,
				A15A77D11EB8112316FF265F617CAB98 /* MBProgressHUD-prefix.pch */,
			);
			name = "Support Files";
			path = "../Target Support Files/MBProgressHUD";
			sourceTree = "<group>";
		};
		B8E0864CFAC2B908A54AC5CC83730A4B /* Support Files */ = {
			isa = PBXGroup;
			children = (
				A8F0BB48B6F76FC72E48CF11DDA3B726 /* AFNetworking.xcconfig */,
				591D1BB662D0D3A4BAD9CF215B006BBB /* AFNetworking-dummy.m */,
				5F7C791EA37169B0B9DEFC09B8C4E9E6 /* AFNetworking-prefix.pch */,
			);
			name = "Support Files";
			path = "../Target Support Files/AFNetworking";
			sourceTree = "<group>";
		};
		BA7518D94A0499B3B244726FFDB6CFAA /* Support Files */ = {
			isa = PBXGroup;
			children = (
				BA8F244ACF3C258F960E4D577D97F1B4 /* HMSegmentedControl.xcconfig */,
				DDEBF709862EEA8D96C0726920F5B05A /* HMSegmentedControl-dummy.m */,
				F9BAF56832C9A6618D6C79BE4D751841 /* HMSegmentedControl-prefix.pch */,
			);
			name = "Support Files";
			path = "../Target Support Files/HMSegmentedControl";
			sourceTree = "<group>";
		};
		C3C314591841A71F28F33C03236DF7DA /* OpenSSL-Universal */ = {
			isa = PBXGroup;
			children = (
				5B66D961E0A9675D064D2EBB3723D75B /* aes.h */,
				39B7CC37ABAF311863735929F4B79EE1 /* asn1.h */,
				CC658883CBE67779323F67B571B3A391 /* asn1_mac.h */,
				256456412286D7463C7E99995C86068D /* asn1t.h */,
				159A1B679D5DA83BC492372CFF57AEBD /* bio.h */,
				18452BDB371DD204737111E0156D42D7 /* blowfish.h */,
				CBB8842A5CBEB008198154F27A173441 /* bn.h */,
				08490893F41DF1921816925ADA4ECC0D /* buffer.h */,
				CDD6DDEF772BC467E923BDEA8C53F28A /* camellia.h */,
				6A4B395CCB1322152FA2BE2548A99D17 /* cast.h */,
				ABE84C68D32B017DD0AD1629C3195349 /* cmac.h */,
				5EFBFE96C755329A52B276B27A61F514 /* cms.h */,
				ED8F32E22B1D38079EDDF6535AB49CD1 /* comp.h */,
				1931A62F2174882F6AD9817C29E1F997 /* conf.h */,
				03E076EF11F35BC42E3B9AA26FE6C2FD /* conf_api.h */,
				0EB34D9A2BA63E93755BB53A3B6732B0 /* crypto.h */,
				AA2313F2B60836E952BE48565145F76B /* des.h */,
				E3D7309E06518510196CC4044330B227 /* des_old.h */,
				3F5F95F34BDD79ED784CDC6992933616 /* dh.h */,
				AC60C5235EE9B03DBCEA95F51E9360AE /* dsa.h */,
				922D31D1DC2A8370ED9685185876AFB3 /* dso.h */,
				D478BC5E3381E8A1E9A1DDF66025351B /* dtls1.h */,
				428CB69C495ADB89EF5F6A9419B680ED /* e_os2.h */,
				98E4A036A0AF5A3F9815493DD2B719AB /* ebcdic.h */,
				45A75AD22961753ADC7269DCC19CEB21 /* ec.h */,
				1751E51ACA91989A829058801C6F2D1E /* ecdh.h */,
				1866F77180E85F2220CCDD0D7D908393 /* ecdsa.h */,
				F6BFBBEC2162ECFA9490C604AE5F0354 /* engine.h */,
				3D159E6095349FF467F8CE65EF260DCF /* err.h */,
				B9293FC2D074B741614C2BC63117AC4D /* evp.h */,
				CB937A0FFD27317B95FCF8A0CDB7784F /* hmac.h */,
				FFEAAA66162E6D0FE02D09C407121544 /* idea.h */,
				67D8C716E1D88C257673E5E8DC0A5C9E /* krb5_asn.h */,
				708DAFEA37B0954AFB80C4C0C5AF847E /* kssl.h */,
				779F26BC0E9E36894D3F51F6779E4677 /* lhash.h */,
				ACB304E406B160F5BB3280E144BFD099 /* md4.h */,
				270B716C05967ED0C86C4D8A8E25AF0E /* md5.h */,
				54B48FD4D85D8DFCF2E502B2A8FEF1F7 /* mdc2.h */,
				40279C5A491E54C3AF10CF8C03D8B2A6 /* modes.h */,
				0B9279B8BF5E69E959B30FDF42453A70 /* obj_mac.h */,
				5E88AF23A04F8069DA3B6010C5AAF7F7 /* objects.h */,
				A2E4A85D21600783C61C51D0E0B8917E /* ocsp.h */,
				6538437A6DC628A69A23AA7903D59BA8 /* opensslconf.h */,
				623C3EE76175FB6337397069710F067D /* opensslv.h */,
				514244A514727412C6188FA49ECFFDD9 /* ossl_typ.h */,
				0620D66D3868CDA8C76E5C989EAD5F9D /* pem.h */,
				7A6F77BD6364BC2136556769C5BF46DA /* pem2.h */,
				38D18B64E3578599ED84831CF0CD4667 /* pkcs12.h */,
				F87C10EFF0C4004F8FE7896EA66645BB /* pkcs7.h */,
				203CEE50FB1DFA8DEDB296808E5D4501 /* pqueue.h */,
				469642E27C8B71B6FC65C0670005C6D8 /* rand.h */,
				EEE851533AAA20D205FA84C49A8FD510 /* rc2.h */,
				841D86AEB8733BFF0B8C62444C273D83 /* rc4.h */,
				7EF229990C859021238C8CAE8C3F7561 /* ripemd.h */,
				70D0A97F2B52F4A68E45758BF1DF4597 /* rsa.h */,
				483C5B1DEC7D29164987C0ABE4FC7A91 /* safestack.h */,
				2CFECD55DC4D18E53AA9FA3DCD0972B2 /* seed.h */,
				46ABB90DAACC4AF749745CA980555058 /* sha.h */,
				E8BE1FE7AC0C8C1687E78491522DAA99 /* srp.h */,
				AF4ED3FC93808514C80C17A670B20E68 /* srtp.h */,
				CBB2833F9EF111720B238E533209F567 /* ssl.h */,
				83780F725D6576B99341DFAF7A66D1C4 /* ssl2.h */,
				4675204F349794701BB20D9A2BFB9CB5 /* ssl23.h */,
				1656179A62522B214496A1AE316D50AC /* ssl3.h */,
				5A1130C43387B971D7B18D1E2F5A6218 /* stack.h */,
				7E5253054D6B18D12F7E912D6AF8632F /* symhacks.h */,
				7A45C5B2E9074DCEFCB5633B7AEE4D99 /* tls1.h */,
				54E6F1F98CE7C511C521029A53B21E42 /* ts.h */,
				11A12FB610C02AA85C6CFBD6151351CF /* txt_db.h */,
				8FE969ABC2A08E9296404B439BE11F7D /* ui.h */,
				94EFABDCC2BF7BE632AB3C79228995CC /* ui_compat.h */,
				70057275489C52C9D178E488F22451C5 /* whrlpool.h */,
				9070787E9FD61926411135D6040E5D64 /* x509.h */,
				9255FDF6AA43F41FA2200A89B4F29233 /* x509_vfy.h */,
				1106F1B5450C34EE6F7D5F3ABE9F6266 /* x509v3.h */,
				59D05E34774EF7C73F72805AB8A042D5 /* Frameworks */,
			);
			name = "OpenSSL-Universal";
			path = "OpenSSL-Universal";
			sourceTree = "<group>";
		};
		C7F48FE88AB14D42C7C0CB6CEC0EE673 /* GoogleMaps */ = {
			isa = PBXGroup;
			children = (
				CE12B7B2315AA6B42D99CBC05970D3D0 /* Base */,
				2AA7BF141D523691F8B8B718471570CA /* Maps */,
			);
			name = GoogleMaps;
			path = GoogleMaps;
			sourceTree = "<group>";
		};
		C9A5AAAC227F3804B9D4385907A9655C /* Frameworks */ = {
			isa = PBXGroup;
			children = (
				A9EE7775BBDB8E563B458FB8C13E7E84 /* GoogleMapsBase.framework */,
			);
			name = Frameworks;
			sourceTree = "<group>";
		};
		CE12B7B2315AA6B42D99CBC05970D3D0 /* Base */ = {
			isa = PBXGroup;
			children = (
				C9A5AAAC227F3804B9D4385907A9655C /* Frameworks */,
			);
			name = Base;
			sourceTree = "<group>";
		};
		D29B8536DF7D63E358604384B7E04920 /* Support Files */ = {
			isa = PBXGroup;
			children = (
				65C09C9C80942E99F176D4B33CB7A781 /* LSFloatingActionMenu.xcconfig */,
				957C6734A77334BB25B34BC6AF10A485 /* LSFloatingActionMenu-dummy.m */,
				A4DA2613D71A1659D518DC2977D04EE0 /* LSFloatingActionMenu-prefix.pch */,
			);
			name = "Support Files";
			path = "../Target Support Files/LSFloatingActionMenu";
			sourceTree = "<group>";
		};
		D8A4D6C4EEED20393D6D6B186A6A6B53 /* Resources */ = {
			isa = PBXGroup;
			children = (
				71DFDF3BDEBF2C70261873DB7548ADED /* GoogleMaps.bundle */,
			);
			name = Resources;
			sourceTree = "<group>";
		};
		DFAE794D5B27A7BC9834F57036030FF2 /* Frameworks */ = {
			isa = PBXGroup;
			children = (
				8078E689E3BC692472D1FB9D254697B0 /* GooglePlaces.framework */,
			);
			name = Frameworks;
			sourceTree = "<group>";
		};
		F4CDA5FA9197A41E0081E84F932906EB /* Frameworks */ = {
			isa = PBXGroup;
			children = (
				0FD7DC843C4FDA3EF1CE788808F5ABCA /* iOS */,
			);
			name = Frameworks;
			sourceTree = "<group>";
		};
		FFAC41C2B0E46B1C871E3FDF7351B7DC /* Products */ = {
			isa = PBXGroup;
			children = (
				5CF8AF2BA74DE00C6DEF7C29E6D78C38 /* libAFNetworking.a */,
				8EF3DB299AF9729CF4BB28B86086FBAB /* libHMSegmentedControl.a */,
				CD2E65D85DBCBA4B038179F8F99457E1 /* libLSFloatingActionMenu.a */,
				D826776B56ABF846EB4BA6AB47FE74C7 /* libMBProgressHUD.a */,
				4DEAA5E54349A1B82B6E1EB38B2702DA /* libPods-Heylaapp.a */,
			);
			name = Products;
			sourceTree = "<group>";
		};
/* End PBXGroup section */

/* Begin PBXHeadersBuildPhase section */
		0A1C2B07813030B0D51EB1D804A4439E /* Headers */ = {
			isa = PBXHeadersBuildPhase;
			buildActionMask = 2147483647;
			files = (
				F1F93EE1AA5E870F2CE81325CE9EB643 /* AFAutoPurgingImageCache.h in Headers */,
				6B71CE5BA32574F407349C1DA20605B4 /* AFHTTPSessionManager.h in Headers */,
				707E818332E5033501DF2D7826C639DF /* AFImageDownloader.h in Headers */,
				E7B0270BEDCBE116DDD853F76E27B0BA /* AFNetworkActivityIndicatorManager.h in Headers */,
				46401F3C7FF0B0CFE2E9B14914780835 /* AFNetworking.h in Headers */,
				DE31BBF6A7963C5871A19655EF5532BE /* AFNetworkReachabilityManager.h in Headers */,
				D59FC98A74E440C4725B6FDC28F5951E /* AFSecurityPolicy.h in Headers */,
				C1C0D7C93BF3DE14A26757273598D0FA /* AFURLRequestSerialization.h in Headers */,
				66635EAAE52FF5571DBCDC626FB8CA86 /* AFURLResponseSerialization.h in Headers */,
				F5CC06F3E0C232483A72DCCFAF393BE0 /* AFURLSessionManager.h in Headers */,
				682B0E603612B6ADBCCF30580F9A4B09 /* UIActivityIndicatorView+AFNetworking.h in Headers */,
				2EBAA518CB8B2DAF89A63637091D4615 /* UIButton+AFNetworking.h in Headers */,
				1341A7AC2439CB63D459D32EF985A414 /* UIImage+AFNetworking.h in Headers */,
				D5CB999FB5FC80FC126A38AB4DF12227 /* UIImageView+AFNetworking.h in Headers */,
				5719F06B809080CDEF7E6BC75DEA1A3C /* UIKit+AFNetworking.h in Headers */,
				B40756412613B53C80EE77C4C223990F /* UIProgressView+AFNetworking.h in Headers */,
				F099E5987DD80E8D78E909AF81D3C587 /* UIRefreshControl+AFNetworking.h in Headers */,
				8958F2453EEBAF71BFEBD78FB48986EC /* UIWebView+AFNetworking.h in Headers */,
			);
			runOnlyForDeploymentPostprocessing = 0;
		};
		1B1D84BCA4F7BDAE79C37DF88C9DCE23 /* Headers */ = {
			isa = PBXHeadersBuildPhase;
			buildActionMask = 2147483647;
			files = (
				EA321C98029015AA4895C0B26891D8F8 /* MBProgressHUD.h in Headers */,
			);
			runOnlyForDeploymentPostprocessing = 0;
		};
		1BBD9F7CEC386A8DE830F56FE4D2BB59 /* Headers */ = {
			isa = PBXHeadersBuildPhase;
			buildActionMask = 2147483647;
			files = (
				BFC487AF0EF719A47A77BDEB3A8B8FB6 /* HMSegmentedControl.h in Headers */,
			);
			runOnlyForDeploymentPostprocessing = 0;
		};
		40CA766FE3FDD59BC053B8A1ACD39BC9 /* Headers */ = {
			isa = PBXHeadersBuildPhase;
			buildActionMask = 2147483647;
			files = (
				3AE4379CB58EF0890CE4F30CA4C029D9 /* LSFloatingActionMenu.h in Headers */,
				B08841B7CC74DFD71B4C3C2535FEA6EF /* LSFloatingActionMenuItem.h in Headers */,
			);
			runOnlyForDeploymentPostprocessing = 0;
		};
/* End PBXHeadersBuildPhase section */

/* Begin PBXNativeTarget section */
		586F2DFA9BDCC6675C2546793A69E5CC /* MBProgressHUD */ = {
			isa = PBXNativeTarget;
			buildConfigurationList = 6B44251FA50022CA55D4B2FBE1468C76 /* Build configuration list for PBXNativeTarget "MBProgressHUD" */;
			buildPhases = (
				7E4305B404C5BA5156646C69578ADD62 /* Sources */,
				F9AC974E3329F79899A7B3BE290FC894 /* Frameworks */,
				1B1D84BCA4F7BDAE79C37DF88C9DCE23 /* Headers */,
			);
			buildRules = (
			);
			dependencies = (
			);
			name = MBProgressHUD;
			productName = MBProgressHUD;
			productReference = D826776B56ABF846EB4BA6AB47FE74C7 /* libMBProgressHUD.a */;
			productType = "com.apple.product-type.library.static";
		};
		6E66B362AE57238557E51E1B585B5C93 /* HMSegmentedControl */ = {
			isa = PBXNativeTarget;
			buildConfigurationList = A2C2EA64CD5AA31F8FD3779DCAB1EA5B /* Build configuration list for PBXNativeTarget "HMSegmentedControl" */;
			buildPhases = (
				12B0937F9BE3BF6804980CD41425D339 /* Sources */,
				2AA5F33F4E2D8F63F9068159CD2D61CB /* Frameworks */,
				1BBD9F7CEC386A8DE830F56FE4D2BB59 /* Headers */,
			);
			buildRules = (
			);
			dependencies = (
			);
			name = HMSegmentedControl;
			productName = HMSegmentedControl;
			productReference = 8EF3DB299AF9729CF4BB28B86086FBAB /* libHMSegmentedControl.a */;
			productType = "com.apple.product-type.library.static";
		};
		730FE00BF00A934DD314F06ADF00AA4C /* Pods-Heylaapp */ = {
			isa = PBXNativeTarget;
			buildConfigurationList = DCCF30A6AA9A8E19F3EA5E113660CA88 /* Build configuration list for PBXNativeTarget "Pods-Heylaapp" */;
			buildPhases = (
				EC37D534C8DCD2C73A0CB98878C7B1F2 /* Sources */,
				6E161DDFBBEE4CD0327665B521C5B191 /* Frameworks */,
			);
			buildRules = (
			);
			dependencies = (
				74B9C1406C4BE331F52EF5D8CF33B9D9 /* PBXTargetDependency */,
				D64E3D695469AECB03C0408F2E76CDC1 /* PBXTargetDependency */,
				393A9590DA1B4D56B8150854EAA38EBA /* PBXTargetDependency */,
				7E7BEB83A83DAC323A867EE991884F3A /* PBXTargetDependency */,
			);
			name = "Pods-Heylaapp";
			productName = "Pods-Heylaapp";
			productReference = 4DEAA5E54349A1B82B6E1EB38B2702DA /* libPods-Heylaapp.a */;
			productType = "com.apple.product-type.library.static";
		};
		8F9EF4E9757925C24DAD012F0B5E3D55 /* LSFloatingActionMenu */ = {
			isa = PBXNativeTarget;
			buildConfigurationList = BB05C8824E039CD1AF3BA5A4045F80AA /* Build configuration list for PBXNativeTarget "LSFloatingActionMenu" */;
			buildPhases = (
				73D2FBB646B36224B71058C6A98A5C1F /* Sources */,
				A84800DE74CB117738D4C6A93E7746E0 /* Frameworks */,
				40CA766FE3FDD59BC053B8A1ACD39BC9 /* Headers */,
			);
			buildRules = (
			);
			dependencies = (
			);
			name = LSFloatingActionMenu;
			productName = LSFloatingActionMenu;
			productReference = CD2E65D85DBCBA4B038179F8F99457E1 /* libLSFloatingActionMenu.a */;
			productType = "com.apple.product-type.library.static";
		};
		9E033EDB5EC0819481B0546434FA577B /* AFNetworking */ = {
			isa = PBXNativeTarget;
			buildConfigurationList = 483FBC4A668BF7F1A8767452E7E188AC /* Build configuration list for PBXNativeTarget "AFNetworking" */;
			buildPhases = (
				0068413C89BADAAF4691AA78AFE62C3E /* Sources */,
				F3284DBE3CA8932733932AD2A48445B2 /* Frameworks */,
				0A1C2B07813030B0D51EB1D804A4439E /* Headers */,
			);
			buildRules = (
			);
			dependencies = (
			);
			name = AFNetworking;
			productName = AFNetworking;
			productReference = 5CF8AF2BA74DE00C6DEF7C29E6D78C38 /* libAFNetworking.a */;
			productType = "com.apple.product-type.library.static";
		};
/* End PBXNativeTarget section */

/* Begin PBXProject section */
		D41D8CD98F00B204E9800998ECF8427E /* Project object */ = {
			isa = PBXProject;
			attributes = {
				LastSwiftUpdateCheck = 0830;
				LastUpgradeCheck = 0700;
			};
			buildConfigurationList = 2D8E8EC45A3A1A1D94AE762CB5028504 /* Build configuration list for PBXProject "Pods" */;
			compatibilityVersion = "Xcode 3.2";
			developmentRegion = English;
			hasScannedForEncodings = 0;
			knownRegions = (
				en,
			);
			mainGroup = 7DB346D0F39D3F0E887471402A8071AB;
			productRefGroup = FFAC41C2B0E46B1C871E3FDF7351B7DC /* Products */;
			projectDirPath = "";
			projectRoot = "";
			targets = (
				9E033EDB5EC0819481B0546434FA577B /* AFNetworking */,
				6E66B362AE57238557E51E1B585B5C93 /* HMSegmentedControl */,
				8F9EF4E9757925C24DAD012F0B5E3D55 /* LSFloatingActionMenu */,
				586F2DFA9BDCC6675C2546793A69E5CC /* MBProgressHUD */,
				730FE00BF00A934DD314F06ADF00AA4C /* Pods-Heylaapp */,
			);
		};
/* End PBXProject section */

/* Begin PBXSourcesBuildPhase section */
		0068413C89BADAAF4691AA78AFE62C3E /* Sources */ = {
			isa = PBXSourcesBuildPhase;
			buildActionMask = 2147483647;
			files = (
				775CE7A8107457BDE59F113D40020839 /* AFAutoPurgingImageCache.m in Sources */,
				73811DA312BCB537D44D62EC6AD15766 /* AFHTTPSessionManager.m in Sources */,
				5C0696B2AD1DC23F6473F5A19FAB6296 /* AFImageDownloader.m in Sources */,
				31ED9BD97AF9E62874AF3CDF2F8090CF /* AFNetworkActivityIndicatorManager.m in Sources */,
				97A86FAAD4B1AD9B3292FF6AF1D8F82B /* AFNetworking-dummy.m in Sources */,
				E0EF330DB2D3521ED26E67B2E8687A2E /* AFNetworkReachabilityManager.m in Sources */,
				66E1040543AF7BA3DC3731FE17C85F5B /* AFSecurityPolicy.m in Sources */,
				5945033488F9995134DBB7014DE2412F /* AFURLRequestSerialization.m in Sources */,
				85D30678FF4F0AB306399A368EAA46B2 /* AFURLResponseSerialization.m in Sources */,
				9F5BB6B4995BA4A3B2C6AEBA6C31A6DB /* AFURLSessionManager.m in Sources */,
				2579663181BFA8F7DA4B5D7CF8537FC0 /* UIActivityIndicatorView+AFNetworking.m in Sources */,
				D10CC46035F7A0C868C0955664A34609 /* UIButton+AFNetworking.m in Sources */,
				A277AD9070E44BED5A7DE0B1D64D6F15 /* UIImageView+AFNetworking.m in Sources */,
				D4AA4704CA7863CC86E22AAF88635836 /* UIProgressView+AFNetworking.m in Sources */,
				B84CD33084C9867E67BD56E47B7BFC04 /* UIRefreshControl+AFNetworking.m in Sources */,
				A7F7FDCD36E2DD8D8E346DB19452CC03 /* UIWebView+AFNetworking.m in Sources */,
			);
			runOnlyForDeploymentPostprocessing = 0;
		};
		12B0937F9BE3BF6804980CD41425D339 /* Sources */ = {
			isa = PBXSourcesBuildPhase;
			buildActionMask = 2147483647;
			files = (
				BDFD18B3FAB1DE3FD2FC2307E4A4F6A3 /* HMSegmentedControl-dummy.m in Sources */,
				6140FA9151F304FDD10E084CB7A10442 /* HMSegmentedControl.m in Sources */,
			);
			runOnlyForDeploymentPostprocessing = 0;
		};
		73D2FBB646B36224B71058C6A98A5C1F /* Sources */ = {
			isa = PBXSourcesBuildPhase;
			buildActionMask = 2147483647;
			files = (
				C6F87571B9FEFC3676A86862667A73E3 /* LSFloatingActionMenu-dummy.m in Sources */,
				7ADD0A53B159168C7F41A91BB7AB4259 /* LSFloatingActionMenu.m in Sources */,
				21650C4DA0B7E9C335EEB557D1672702 /* LSFloatingActionMenuItem.m in Sources */,
			);
			runOnlyForDeploymentPostprocessing = 0;
		};
		7E4305B404C5BA5156646C69578ADD62 /* Sources */ = {
			isa = PBXSourcesBuildPhase;
			buildActionMask = 2147483647;
			files = (
				E5229F5125ACD420659E7B2D19BB30A8 /* MBProgressHUD-dummy.m in Sources */,
				536F7D0550F5FD9F5869CEC995CFEE9B /* MBProgressHUD.m in Sources */,
			);
			runOnlyForDeploymentPostprocessing = 0;
		};
		EC37D534C8DCD2C73A0CB98878C7B1F2 /* Sources */ = {
			isa = PBXSourcesBuildPhase;
			buildActionMask = 2147483647;
			files = (
				34FFC61D23CAEB4C4FC39FAA2618CB52 /* Pods-Heylaapp-dummy.m in Sources */,
			);
			runOnlyForDeploymentPostprocessing = 0;
		};
/* End PBXSourcesBuildPhase section */

/* Begin PBXTargetDependency section */
		393A9590DA1B4D56B8150854EAA38EBA /* PBXTargetDependency */ = {
			isa = PBXTargetDependency;
			name = LSFloatingActionMenu;
			target = 8F9EF4E9757925C24DAD012F0B5E3D55 /* LSFloatingActionMenu */;
			targetProxy = CD5782B8A00309D98D2EBADDB2BBD0B1 /* PBXContainerItemProxy */;
		};
		74B9C1406C4BE331F52EF5D8CF33B9D9 /* PBXTargetDependency */ = {
			isa = PBXTargetDependency;
			name = AFNetworking;
			target = 9E033EDB5EC0819481B0546434FA577B /* AFNetworking */;
			targetProxy = D80BB84B0A2DC90122680C80EDF9AFC8 /* PBXContainerItemProxy */;
		};
		7E7BEB83A83DAC323A867EE991884F3A /* PBXTargetDependency */ = {
			isa = PBXTargetDependency;
			name = MBProgressHUD;
			target = 586F2DFA9BDCC6675C2546793A69E5CC /* MBProgressHUD */;
			targetProxy = 1AB426ED075A832E041C162E5F163B95 /* PBXContainerItemProxy */;
		};
		D64E3D695469AECB03C0408F2E76CDC1 /* PBXTargetDependency */ = {
			isa = PBXTargetDependency;
			name = HMSegmentedControl;
			target = 6E66B362AE57238557E51E1B585B5C93 /* HMSegmentedControl */;
			targetProxy = C9C831BADB3F0D7C4AA7509306C84113 /* PBXContainerItemProxy */;
		};
/* End PBXTargetDependency section */

/* Begin XCBuildConfiguration section */
		3DF956A357D278C29F53AD3094728975 /* Release */ = {
			isa = XCBuildConfiguration;
			baseConfigurationReference = 6A9312E058AC12CA0A39C019985D80A1 /* MBProgressHUD.xcconfig */;
			buildSettings = {
				CODE_SIGN_IDENTITY = "iPhone Developer";
				"CODE_SIGN_IDENTITY[sdk=appletvos*]" = "";
				"CODE_SIGN_IDENTITY[sdk=iphoneos*]" = "";
				"CODE_SIGN_IDENTITY[sdk=watchos*]" = "";
				GCC_PREFIX_HEADER = "Target Support Files/MBProgressHUD/MBProgressHUD-prefix.pch";
				IPHONEOS_DEPLOYMENT_TARGET = 6.0;
				OTHER_LDFLAGS = "";
				OTHER_LIBTOOLFLAGS = "";
				PRIVATE_HEADERS_FOLDER_PATH = "";
				PUBLIC_HEADERS_FOLDER_PATH = "";
				SDKROOT = iphoneos;
				SKIP_INSTALL = YES;
				SWIFT_ACTIVE_COMPILATION_CONDITIONS = "$(inherited) ";
				TARGETED_DEVICE_FAMILY = "1,2";
				VALIDATE_PRODUCT = YES;
			};
			name = Release;
		};
		5403CB947ED72BD789353EE9D9D58376 /* Release */ = {
			isa = XCBuildConfiguration;
			baseConfigurationReference = A8F0BB48B6F76FC72E48CF11DDA3B726 /* AFNetworking.xcconfig */;
			buildSettings = {
				CODE_SIGN_IDENTITY = "iPhone Developer";
				"CODE_SIGN_IDENTITY[sdk=appletvos*]" = "";
				"CODE_SIGN_IDENTITY[sdk=iphoneos*]" = "";
				"CODE_SIGN_IDENTITY[sdk=watchos*]" = "";
				GCC_PREFIX_HEADER = "Target Support Files/AFNetworking/AFNetworking-prefix.pch";
				IPHONEOS_DEPLOYMENT_TARGET = 7.0;
				OTHER_LDFLAGS = "";
				OTHER_LIBTOOLFLAGS = "";
				PRIVATE_HEADERS_FOLDER_PATH = "";
				PUBLIC_HEADERS_FOLDER_PATH = "";
				SDKROOT = iphoneos;
				SKIP_INSTALL = YES;
				SWIFT_ACTIVE_COMPILATION_CONDITIONS = "$(inherited) ";
				TARGETED_DEVICE_FAMILY = "1,2";
				VALIDATE_PRODUCT = YES;
			};
			name = Release;
		};
		587AEEE2AC12944079DE6A6112E7E4C5 /* Debug */ = {
			isa = XCBuildConfiguration;
			baseConfigurationReference = 6A9312E058AC12CA0A39C019985D80A1 /* MBProgressHUD.xcconfig */;
			buildSettings = {
				CODE_SIGN_IDENTITY = "iPhone Developer";
				"CODE_SIGN_IDENTITY[sdk=appletvos*]" = "";
				"CODE_SIGN_IDENTITY[sdk=iphoneos*]" = "";
				"CODE_SIGN_IDENTITY[sdk=watchos*]" = "";
				GCC_PREFIX_HEADER = "Target Support Files/MBProgressHUD/MBProgressHUD-prefix.pch";
				IPHONEOS_DEPLOYMENT_TARGET = 6.0;
				OTHER_LDFLAGS = "";
				OTHER_LIBTOOLFLAGS = "";
				PRIVATE_HEADERS_FOLDER_PATH = "";
				PUBLIC_HEADERS_FOLDER_PATH = "";
				SDKROOT = iphoneos;
				SKIP_INSTALL = YES;
				SWIFT_ACTIVE_COMPILATION_CONDITIONS = "$(inherited) ";
				TARGETED_DEVICE_FAMILY = "1,2";
			};
			name = Debug;
		};
		621AB785940626574F07364CB14760E1 /* Release */ = {
			isa = XCBuildConfiguration;
			buildSettings = {
				ALWAYS_SEARCH_USER_PATHS = NO;
				CLANG_ANALYZER_NONNULL = YES;
				CLANG_ANALYZER_NUMBER_OBJECT_CONVERSION = YES_AGGRESSIVE;
				CLANG_CXX_LANGUAGE_STANDARD = "gnu++14";
				CLANG_CXX_LIBRARY = "libc++";
				CLANG_ENABLE_MODULES = YES;
				CLANG_ENABLE_OBJC_ARC = YES;
				CLANG_WARN_BLOCK_CAPTURE_AUTORELEASING = YES;
				CLANG_WARN_BOOL_CONVERSION = YES;
				CLANG_WARN_COMMA = YES;
				CLANG_WARN_CONSTANT_CONVERSION = YES;
				CLANG_WARN_DIRECT_OBJC_ISA_USAGE = YES_ERROR;
				CLANG_WARN_DOCUMENTATION_COMMENTS = YES;
				CLANG_WARN_EMPTY_BODY = YES;
				CLANG_WARN_ENUM_CONVERSION = YES;
				CLANG_WARN_INFINITE_RECURSION = YES;
				CLANG_WARN_INT_CONVERSION = YES;
				CLANG_WARN_NON_LITERAL_NULL_CONVERSION = YES;
				CLANG_WARN_OBJC_LITERAL_CONVERSION = YES;
				CLANG_WARN_OBJC_ROOT_CLASS = YES_ERROR;
				CLANG_WARN_RANGE_LOOP_ANALYSIS = YES;
				CLANG_WARN_STRICT_PROTOTYPES = YES;
				CLANG_WARN_SUSPICIOUS_MOVE = YES;
				CLANG_WARN_UNGUARDED_AVAILABILITY = YES_AGGRESSIVE;
				CLANG_WARN_UNREACHABLE_CODE = YES;
				CLANG_WARN__DUPLICATE_METHOD_MATCH = YES;
				CODE_SIGNING_REQUIRED = NO;
				COPY_PHASE_STRIP = NO;
				DEBUG_INFORMATION_FORMAT = "dwarf-with-dsym";
				ENABLE_NS_ASSERTIONS = NO;
				ENABLE_STRICT_OBJC_MSGSEND = YES;
				GCC_C_LANGUAGE_STANDARD = gnu11;
				GCC_NO_COMMON_BLOCKS = YES;
				GCC_PREPROCESSOR_DEFINITIONS = (
					"POD_CONFIGURATION_RELEASE=1",
					"$(inherited)",
				);
				GCC_WARN_64_TO_32_BIT_CONVERSION = YES;
				GCC_WARN_ABOUT_RETURN_TYPE = YES_ERROR;
				GCC_WARN_UNDECLARED_SELECTOR = YES;
				GCC_WARN_UNINITIALIZED_AUTOS = YES_AGGRESSIVE;
				GCC_WARN_UNUSED_FUNCTION = YES;
				GCC_WARN_UNUSED_VARIABLE = YES;
				IPHONEOS_DEPLOYMENT_TARGET = 10.3;
				MTL_ENABLE_DEBUG_INFO = NO;
				PRODUCT_NAME = "$(TARGET_NAME)";
				PROVISIONING_PROFILE_SPECIFIER = NO_SIGNING/;
				STRIP_INSTALLED_PRODUCT = NO;
				SYMROOT = "${SRCROOT}/../build";
			};
			name = Release;
		};
		6F31D205A6DFF4DA5D5E06BFA2E912AB /* Debug */ = {
			isa = XCBuildConfiguration;
			baseConfigurationReference = 65C09C9C80942E99F176D4B33CB7A781 /* LSFloatingActionMenu.xcconfig */;
			buildSettings = {
				CODE_SIGN_IDENTITY = "iPhone Developer";
				"CODE_SIGN_IDENTITY[sdk=appletvos*]" = "";
				"CODE_SIGN_IDENTITY[sdk=iphoneos*]" = "";
				"CODE_SIGN_IDENTITY[sdk=watchos*]" = "";
				GCC_PREFIX_HEADER = "Target Support Files/LSFloatingActionMenu/LSFloatingActionMenu-prefix.pch";
				IPHONEOS_DEPLOYMENT_TARGET = 7.0;
				OTHER_LDFLAGS = "";
				OTHER_LIBTOOLFLAGS = "";
				PRIVATE_HEADERS_FOLDER_PATH = "";
				PUBLIC_HEADERS_FOLDER_PATH = "";
				SDKROOT = iphoneos;
				SKIP_INSTALL = YES;
				SWIFT_ACTIVE_COMPILATION_CONDITIONS = "$(inherited) ";
				TARGETED_DEVICE_FAMILY = "1,2";
			};
			name = Debug;
		};
		7C246F7AA69D78A801B26483203E4806 /* Debug */ = {
			isa = XCBuildConfiguration;
			baseConfigurationReference = A8F0BB48B6F76FC72E48CF11DDA3B726 /* AFNetworking.xcconfig */;
			buildSettings = {
				CODE_SIGN_IDENTITY = "iPhone Developer";
				"CODE_SIGN_IDENTITY[sdk=appletvos*]" = "";
				"CODE_SIGN_IDENTITY[sdk=iphoneos*]" = "";
				"CODE_SIGN_IDENTITY[sdk=watchos*]" = "";
				GCC_PREFIX_HEADER = "Target Support Files/AFNetworking/AFNetworking-prefix.pch";
				IPHONEOS_DEPLOYMENT_TARGET = 7.0;
				OTHER_LDFLAGS = "";
				OTHER_LIBTOOLFLAGS = "";
				PRIVATE_HEADERS_FOLDER_PATH = "";
				PUBLIC_HEADERS_FOLDER_PATH = "";
				SDKROOT = iphoneos;
				SKIP_INSTALL = YES;
				SWIFT_ACTIVE_COMPILATION_CONDITIONS = "$(inherited) ";
				TARGETED_DEVICE_FAMILY = "1,2";
			};
			name = Debug;
		};
		865A63E5BDA649001F98ED1BE4B1396D /* Release */ = {
			isa = XCBuildConfiguration;
			baseConfigurationReference = 65C09C9C80942E99F176D4B33CB7A781 /* LSFloatingActionMenu.xcconfig */;
			buildSettings = {
				CODE_SIGN_IDENTITY = "iPhone Developer";
				"CODE_SIGN_IDENTITY[sdk=appletvos*]" = "";
				"CODE_SIGN_IDENTITY[sdk=iphoneos*]" = "";
				"CODE_SIGN_IDENTITY[sdk=watchos*]" = "";
				GCC_PREFIX_HEADER = "Target Support Files/LSFloatingActionMenu/LSFloatingActionMenu-prefix.pch";
				IPHONEOS_DEPLOYMENT_TARGET = 7.0;
				OTHER_LDFLAGS = "";
				OTHER_LIBTOOLFLAGS = "";
				PRIVATE_HEADERS_FOLDER_PATH = "";
				PUBLIC_HEADERS_FOLDER_PATH = "";
				SDKROOT = iphoneos;
				SKIP_INSTALL = YES;
				SWIFT_ACTIVE_COMPILATION_CONDITIONS = "$(inherited) ";
				TARGETED_DEVICE_FAMILY = "1,2";
				VALIDATE_PRODUCT = YES;
			};
			name = Release;
		};
		9C066FCBA4FAB968C315AEE1E63FF3D3 /* Release */ = {
			isa = XCBuildConfiguration;
			baseConfigurationReference = BA8F244ACF3C258F960E4D577D97F1B4 /* HMSegmentedControl.xcconfig */;
			buildSettings = {
				CODE_SIGN_IDENTITY = "iPhone Developer";
				"CODE_SIGN_IDENTITY[sdk=appletvos*]" = "";
				"CODE_SIGN_IDENTITY[sdk=iphoneos*]" = "";
				"CODE_SIGN_IDENTITY[sdk=watchos*]" = "";
				GCC_PREFIX_HEADER = "Target Support Files/HMSegmentedControl/HMSegmentedControl-prefix.pch";
				IPHONEOS_DEPLOYMENT_TARGET = 7.0;
				OTHER_LDFLAGS = "";
				OTHER_LIBTOOLFLAGS = "";
				PRIVATE_HEADERS_FOLDER_PATH = "";
				PUBLIC_HEADERS_FOLDER_PATH = "";
				SDKROOT = iphoneos;
				SKIP_INSTALL = YES;
				SWIFT_ACTIVE_COMPILATION_CONDITIONS = "$(inherited) ";
				TARGETED_DEVICE_FAMILY = "1,2";
				VALIDATE_PRODUCT = YES;
			};
			name = Release;
		};
		A7317389FA7A207161E17C0826763EB9 /* Release */ = {
			isa = XCBuildConfiguration;
			baseConfigurationReference = 722EE97B2A6D685BC95B8E1846BA2544 /* Pods-Heylaapp.release.xcconfig */;
			buildSettings = {
				CODE_SIGN_IDENTITY = "iPhone Developer";
				"CODE_SIGN_IDENTITY[sdk=appletvos*]" = "";
				"CODE_SIGN_IDENTITY[sdk=iphoneos*]" = "";
				"CODE_SIGN_IDENTITY[sdk=watchos*]" = "";
				IPHONEOS_DEPLOYMENT_TARGET = 10.3;
				MACH_O_TYPE = staticlib;
				OTHER_LDFLAGS = "";
				OTHER_LIBTOOLFLAGS = "";
				PODS_ROOT = "$(SRCROOT)";
				PRODUCT_BUNDLE_IDENTIFIER = "org.cocoapods.${PRODUCT_NAME:rfc1034identifier}";
				SDKROOT = iphoneos;
				SKIP_INSTALL = YES;
				TARGETED_DEVICE_FAMILY = "1,2";
				VALIDATE_PRODUCT = YES;
			};
			name = Release;
		};
		B57C09D404C607DDE283C5C44183B2A1 /* Debug */ = {
			isa = XCBuildConfiguration;
			buildSettings = {
				ALWAYS_SEARCH_USER_PATHS = NO;
				CLANG_ANALYZER_NONNULL = YES;
				CLANG_ANALYZER_NUMBER_OBJECT_CONVERSION = YES_AGGRESSIVE;
				CLANG_CXX_LANGUAGE_STANDARD = "gnu++14";
				CLANG_CXX_LIBRARY = "libc++";
				CLANG_ENABLE_MODULES = YES;
				CLANG_ENABLE_OBJC_ARC = YES;
				CLANG_WARN_BLOCK_CAPTURE_AUTORELEASING = YES;
				CLANG_WARN_BOOL_CONVERSION = YES;
				CLANG_WARN_COMMA = YES;
				CLANG_WARN_CONSTANT_CONVERSION = YES;
				CLANG_WARN_DIRECT_OBJC_ISA_USAGE = YES_ERROR;
				CLANG_WARN_DOCUMENTATION_COMMENTS = YES;
				CLANG_WARN_EMPTY_BODY = YES;
				CLANG_WARN_ENUM_CONVERSION = YES;
				CLANG_WARN_INFINITE_RECURSION = YES;
				CLANG_WARN_INT_CONVERSION = YES;
				CLANG_WARN_NON_LITERAL_NULL_CONVERSION = YES;
				CLANG_WARN_OBJC_LITERAL_CONVERSION = YES;
				CLANG_WARN_OBJC_ROOT_CLASS = YES_ERROR;
				CLANG_WARN_RANGE_LOOP_ANALYSIS = YES;
				CLANG_WARN_STRICT_PROTOTYPES = YES;
				CLANG_WARN_SUSPICIOUS_MOVE = YES;
				CLANG_WARN_UNGUARDED_AVAILABILITY = YES_AGGRESSIVE;
				CLANG_WARN_UNREACHABLE_CODE = YES;
				CLANG_WARN__DUPLICATE_METHOD_MATCH = YES;
				CODE_SIGNING_REQUIRED = NO;
				COPY_PHASE_STRIP = NO;
				DEBUG_INFORMATION_FORMAT = dwarf;
				ENABLE_STRICT_OBJC_MSGSEND = YES;
				ENABLE_TESTABILITY = YES;
				GCC_C_LANGUAGE_STANDARD = gnu11;
				GCC_DYNAMIC_NO_PIC = NO;
				GCC_NO_COMMON_BLOCKS = YES;
				GCC_OPTIMIZATION_LEVEL = 0;
				GCC_PREPROCESSOR_DEFINITIONS = (
					"POD_CONFIGURATION_DEBUG=1",
					"DEBUG=1",
					"$(inherited)",
				);
				GCC_WARN_64_TO_32_BIT_CONVERSION = YES;
				GCC_WARN_ABOUT_RETURN_TYPE = YES_ERROR;
				GCC_WARN_UNDECLARED_SELECTOR = YES;
				GCC_WARN_UNINITIALIZED_AUTOS = YES_AGGRESSIVE;
				GCC_WARN_UNUSED_FUNCTION = YES;
				GCC_WARN_UNUSED_VARIABLE = YES;
				IPHONEOS_DEPLOYMENT_TARGET = 10.3;
				MTL_ENABLE_DEBUG_INFO = YES;
				ONLY_ACTIVE_ARCH = YES;
				PRODUCT_NAME = "$(TARGET_NAME)";
				PROVISIONING_PROFILE_SPECIFIER = NO_SIGNING/;
				STRIP_INSTALLED_PRODUCT = NO;
				SWIFT_ACTIVE_COMPILATION_CONDITIONS = DEBUG;
				SYMROOT = "${SRCROOT}/../build";
			};
			name = Debug;
		};
		B70DF1188E1B44F13ADBB0219E9142E3 /* Debug */ = {
			isa = XCBuildConfiguration;
			baseConfigurationReference = C62160113D143DA28BB817D259F98634 /* Pods-Heylaapp.debug.xcconfig */;
			buildSettings = {
				CODE_SIGN_IDENTITY = "iPhone Developer";
				"CODE_SIGN_IDENTITY[sdk=appletvos*]" = "";
				"CODE_SIGN_IDENTITY[sdk=iphoneos*]" = "";
				"CODE_SIGN_IDENTITY[sdk=watchos*]" = "";
				IPHONEOS_DEPLOYMENT_TARGET = 10.3;
				MACH_O_TYPE = staticlib;
				OTHER_LDFLAGS = "";
				OTHER_LIBTOOLFLAGS = "";
				PODS_ROOT = "$(SRCROOT)";
				PRODUCT_BUNDLE_IDENTIFIER = "org.cocoapods.${PRODUCT_NAME:rfc1034identifier}";
				SDKROOT = iphoneos;
				SKIP_INSTALL = YES;
				TARGETED_DEVICE_FAMILY = "1,2";
			};
			name = Debug;
		};
		EA859B75553C66562ACDADEF1C6DB417 /* Debug */ = {
			isa = XCBuildConfiguration;
			baseConfigurationReference = BA8F244ACF3C258F960E4D577D97F1B4 /* HMSegmentedControl.xcconfig */;
			buildSettings = {
				CODE_SIGN_IDENTITY = "iPhone Developer";
				"CODE_SIGN_IDENTITY[sdk=appletvos*]" = "";
				"CODE_SIGN_IDENTITY[sdk=iphoneos*]" = "";
				"CODE_SIGN_IDENTITY[sdk=watchos*]" = "";
				GCC_PREFIX_HEADER = "Target Support Files/HMSegmentedControl/HMSegmentedControl-prefix.pch";
				IPHONEOS_DEPLOYMENT_TARGET = 7.0;
				OTHER_LDFLAGS = "";
				OTHER_LIBTOOLFLAGS = "";
				PRIVATE_HEADERS_FOLDER_PATH = "";
				PUBLIC_HEADERS_FOLDER_PATH = "";
				SDKROOT = iphoneos;
				SKIP_INSTALL = YES;
				SWIFT_ACTIVE_COMPILATION_CONDITIONS = "$(inherited) ";
				TARGETED_DEVICE_FAMILY = "1,2";
			};
			name = Debug;
		};
/* End XCBuildConfiguration section */

/* Begin XCConfigurationList section */
		2D8E8EC45A3A1A1D94AE762CB5028504 /* Build configuration list for PBXProject "Pods" */ = {
			isa = XCConfigurationList;
			buildConfigurations = (
				B57C09D404C607DDE283C5C44183B2A1 /* Debug */,
				621AB785940626574F07364CB14760E1 /* Release */,
			);
			defaultConfigurationIsVisible = 0;
			defaultConfigurationName = Release;
		};
		483FBC4A668BF7F1A8767452E7E188AC /* Build configuration list for PBXNativeTarget "AFNetworking" */ = {
			isa = XCConfigurationList;
			buildConfigurations = (
				7C246F7AA69D78A801B26483203E4806 /* Debug */,
				5403CB947ED72BD789353EE9D9D58376 /* Release */,
			);
			defaultConfigurationIsVisible = 0;
			defaultConfigurationName = Release;
		};
		6B44251FA50022CA55D4B2FBE1468C76 /* Build configuration list for PBXNativeTarget "MBProgressHUD" */ = {
			isa = XCConfigurationList;
			buildConfigurations = (
				587AEEE2AC12944079DE6A6112E7E4C5 /* Debug */,
				3DF956A357D278C29F53AD3094728975 /* Release */,
			);
			defaultConfigurationIsVisible = 0;
			defaultConfigurationName = Release;
		};
		A2C2EA64CD5AA31F8FD3779DCAB1EA5B /* Build configuration list for PBXNativeTarget "HMSegmentedControl" */ = {
			isa = XCConfigurationList;
			buildConfigurations = (
				EA859B75553C66562ACDADEF1C6DB417 /* Debug */,
				9C066FCBA4FAB968C315AEE1E63FF3D3 /* Release */,
			);
			defaultConfigurationIsVisible = 0;
			defaultConfigurationName = Release;
		};
		BB05C8824E039CD1AF3BA5A4045F80AA /* Build configuration list for PBXNativeTarget "LSFloatingActionMenu" */ = {
			isa = XCConfigurationList;
			buildConfigurations = (
				6F31D205A6DFF4DA5D5E06BFA2E912AB /* Debug */,
				865A63E5BDA649001F98ED1BE4B1396D /* Release */,
			);
			defaultConfigurationIsVisible = 0;
			defaultConfigurationName = Release;
		};
		DCCF30A6AA9A8E19F3EA5E113660CA88 /* Build configuration list for PBXNativeTarget "Pods-Heylaapp" */ = {
			isa = XCConfigurationList;
			buildConfigurations = (
				B70DF1188E1B44F13ADBB0219E9142E3 /* Debug */,
				A7317389FA7A207161E17C0826763EB9 /* Release */,
			);
			defaultConfigurationIsVisible = 0;
			defaultConfigurationName = Release;
		};
/* End XCConfigurationList section */
	};
	rootObject = D41D8CD98F00B204E9800998ECF8427E /* Project object */;
}
